// !$*UTF8*$!
{
	archiveVersion = 1;
	classes = {
	};
	objectVersion = 50;
	objects = {

/* Begin PBXBuildFile section */
		742A7EA62434246600D45F20 /* CMagic.cpp in Sources */ = {isa = PBXBuildFile; fileRef = 742A7E722434246600D45F20 /* CMagic.cpp */; };
		742A7EA82434246600D45F20 /* magic.cpp in Sources */ = {isa = PBXBuildFile; fileRef = 742A7E742434246600D45F20 /* magic.cpp */; };
		742A7EAC2434246600D45F20 /* CGLES3Renderer.cpp in Sources */ = {isa = PBXBuildFile; fileRef = 742A7E802434246600D45F20 /* CGLES3Renderer.cpp */; };
		742A7EAD2434246600D45F20 /* CGLES3ShaderProgram.cpp in Sources */ = {isa = PBXBuildFile; fileRef = 742A7E812434246600D45F20 /* CGLES3ShaderProgram.cpp */; };
		742A7EB22434246600D45F20 /* CRenderInput.cpp in Sources */ = {isa = PBXBuildFile; fileRef = 742A7E902434246600D45F20 /* CRenderInput.cpp */; };
		742A7EB32434246600D45F20 /* CRenderer.cpp in Sources */ = {isa = PBXBuildFile; fileRef = 742A7E912434246600D45F20 /* CRenderer.cpp */; };
		742A7EB42434246600D45F20 /* CRenderPass.cpp in Sources */ = {isa = PBXBuildFile; fileRef = 742A7E942434246600D45F20 /* CRenderPass.cpp */; };
		742A7EB52434246600D45F20 /* CCameraComponent.cpp in Sources */ = {isa = PBXBuildFile; fileRef = 742A7E962434246600D45F20 /* CCameraComponent.cpp */; };
		742A7EB62434246600D45F20 /* CMeshRendererComponent.cpp in Sources */ = {isa = PBXBuildFile; fileRef = 742A7E972434246600D45F20 /* CMeshRendererComponent.cpp */; };
		742A7EB72434246600D45F20 /* CComponent.cpp in Sources */ = {isa = PBXBuildFile; fileRef = 742A7E982434246600D45F20 /* CComponent.cpp */; };
		742A7EB82434246600D45F20 /* CApplication.cpp in Sources */ = {isa = PBXBuildFile; fileRef = 742A7E992434246600D45F20 /* CApplication.cpp */; };
		742A7EB92434246600D45F20 /* CScene.cpp in Sources */ = {isa = PBXBuildFile; fileRef = 742A7E9C2434246600D45F20 /* CScene.cpp */; };
		742A7EBA2434246600D45F20 /* CSceneManager.cpp in Sources */ = {isa = PBXBuildFile; fileRef = 742A7E9F2434246600D45F20 /* CSceneManager.cpp */; };
		742A7EBB2434246600D45F20 /* CSceneNode.cpp in Sources */ = {isa = PBXBuildFile; fileRef = 742A7EA02434246600D45F20 /* CSceneNode.cpp */; };
		742A7EBC2434246600D45F20 /* CGameObject.cpp in Sources */ = {isa = PBXBuildFile; fileRef = 742A7EA22434246600D45F20 /* CGameObject.cpp */; };
		742A7ED82434404300D45F20 /* CMesh.cpp in Sources */ = {isa = PBXBuildFile; fileRef = 742A7ED72434404300D45F20 /* CMesh.cpp */; };
		742A7EDA2434405700D45F20 /* CMaterial.cpp in Sources */ = {isa = PBXBuildFile; fileRef = 742A7ED92434405700D45F20 /* CMaterial.cpp */; };
		742A7EDC2434406C00D45F20 /* CShader.cpp in Sources */ = {isa = PBXBuildFile; fileRef = 742A7EDB2434406C00D45F20 /* CShader.cpp */; };
		742A7EDF2439E71900D45F20 /* CMaterialInstance.cpp in Sources */ = {isa = PBXBuildFile; fileRef = 742A7EDD2439E71900D45F20 /* CMaterialInstance.cpp */; };
		742A7EE2243ACA2800D45F20 /* CShaderProgram.cpp in Sources */ = {isa = PBXBuildFile; fileRef = 742A7EE0243ACA2800D45F20 /* CShaderProgram.cpp */; };
		7485B4A4244E6FD300FB9711 /* CRenderQueue.cpp in Sources */ = {isa = PBXBuildFile; fileRef = 7485B4A2244E6FD300FB9711 /* CRenderQueue.cpp */; };
		7485B4A7245260C700FB9711 /* CTime.cpp in Sources */ = {isa = PBXBuildFile; fileRef = 7485B4A6245260C700FB9711 /* CTime.cpp */; };
		7485B4AB2453E1DA00FB9711 /* CResourceManager.cpp in Sources */ = {isa = PBXBuildFile; fileRef = 7485B4A92453E1DA00FB9711 /* CResourceManager.cpp */; };
		7485B4B72453EA7800FB9711 /* crate.tga in Resources */ = {isa = PBXBuildFile; fileRef = 7485B4B62453EA7800FB9711 /* crate.tga */; };
		7485B4B9245409CC00FB9711 /* OpenGLES.framework in Frameworks */ = {isa = PBXBuildFile; fileRef = 7485B4B8245409CC00FB9711 /* OpenGLES.framework */; };
		7485B4BB245409D600FB9711 /* Foundation.framework in Frameworks */ = {isa = PBXBuildFile; fileRef = 7485B4BA245409D600FB9711 /* Foundation.framework */; };
		7485B4BD24540A3400FB9711 /* UIKit.framework in Frameworks */ = {isa = PBXBuildFile; fileRef = 7485B4BC24540A3400FB9711 /* UIKit.framework */; };
		7485B4BF24540A3D00FB9711 /* CoreGraphics.framework in Frameworks */ = {isa = PBXBuildFile; fileRef = 7485B4BE24540A3D00FB9711 /* CoreGraphics.framework */; };
		7485B4C224540D6300FB9711 /* FileWrapper.mm in Sources */ = {isa = PBXBuildFile; fileRef = 7485B4C124540D6300FB9711 /* FileWrapper.mm */; };
		7485B4C52455D2F400FB9711 /* common.vert in Resources */ = {isa = PBXBuildFile; fileRef = 7485B4C42455D2F400FB9711 /* common.vert */; };
		7485B4C72455D5F400FB9711 /* common.frag in Resources */ = {isa = PBXBuildFile; fileRef = 7485B4C62455D5F400FB9711 /* common.frag */; };
		748A949F2460D942001BB2B7 /* HelloTriangle.cpp in Sources */ = {isa = PBXBuildFile; fileRef = 748A949D2460D942001BB2B7 /* HelloTriangle.cpp */; };
		748A94A32460EA50001BB2B7 /* multTarget.frag in Resources */ = {isa = PBXBuildFile; fileRef = 748A94A22460EA50001BB2B7 /* multTarget.frag */; };
		748A94A52460EBFE001BB2B7 /* multTarget.vert in Resources */ = {isa = PBXBuildFile; fileRef = 748A94A42460EBFE001BB2B7 /* multTarget.vert */; };
		748A94A72460EDEB001BB2B7 /* deferredShade.vert in Resources */ = {isa = PBXBuildFile; fileRef = 748A94A62460EDEB001BB2B7 /* deferredShade.vert */; };
		748A94A92460EE03001BB2B7 /* deferredShade.frag in Resources */ = {isa = PBXBuildFile; fileRef = 748A94A82460EE03001BB2B7 /* deferredShade.frag */; };
		748A94C32468C820001BB2B7 /* license.txt in Resources */ = {isa = PBXBuildFile; fileRef = 748A94B32468C820001BB2B7 /* license.txt */; };
		748A94C42468C820001BB2B7 /* manual.html in Resources */ = {isa = PBXBuildFile; fileRef = 748A94B42468C820001BB2B7 /* manual.html */; };
		748A94C62468CBCF001BB2B7 /* cube.mesh.xml in Resources */ = {isa = PBXBuildFile; fileRef = 748A94C52468CBCF001BB2B7 /* cube.mesh.xml */; };
		748A94C82468CBFA001BB2B7 /* triangle.mesh.xml in Resources */ = {isa = PBXBuildFile; fileRef = 748A94C72468CBFA001BB2B7 /* triangle.mesh.xml */; };
		748A94CA2468CC26001BB2B7 /* common.mat.xml in Resources */ = {isa = PBXBuildFile; fileRef = 748A94C92468CC26001BB2B7 /* common.mat.xml */; };
		748A94CC2468CC4A001BB2B7 /* multtaregt.mat.xml in Resources */ = {isa = PBXBuildFile; fileRef = 748A94CB2468CC4A001BB2B7 /* multtaregt.mat.xml */; };
		748A94CE2468CC68001BB2B7 /* deferredshade.mat.xml in Resources */ = {isa = PBXBuildFile; fileRef = 748A94CD2468CC68001BB2B7 /* deferredshade.mat.xml */; };
		74C230FE242760260041B1AC /* AppDelegate.mm in Sources */ = {isa = PBXBuildFile; fileRef = 74C230FD242760260041B1AC /* AppDelegate.mm */; };
		74C23104242760260041B1AC /* ViewController.mm in Sources */ = {isa = PBXBuildFile; fileRef = 74C23103242760260041B1AC /* ViewController.mm */; };
		74C23107242760260041B1AC /* Main.storyboard in Resources */ = {isa = PBXBuildFile; fileRef = 74C23105242760260041B1AC /* Main.storyboard */; };
		74C2310A242760260041B1AC /* HelloTriangle.xcdatamodeld in Sources */ = {isa = PBXBuildFile; fileRef = 74C23108242760260041B1AC /* HelloTriangle.xcdatamodeld */; };
		74C2310C2427602A0041B1AC /* Assets.xcassets in Resources */ = {isa = PBXBuildFile; fileRef = 74C2310B2427602A0041B1AC /* Assets.xcassets */; };
		74C2310F2427602A0041B1AC /* LaunchScreen.storyboard in Resources */ = {isa = PBXBuildFile; fileRef = 74C2310D2427602A0041B1AC /* LaunchScreen.storyboard */; };
		74C231122427602A0041B1AC /* main.m in Sources */ = {isa = PBXBuildFile; fileRef = 74C231112427602A0041B1AC /* main.m */; };
		74C2311A242760CF0041B1AC /* SceneDelegate.mm in Sources */ = {isa = PBXBuildFile; fileRef = 74C23118242760CF0041B1AC /* SceneDelegate.mm */; };
		74C231292427627C0041B1AC /* Hello_Triangle.cpp in Sources */ = {isa = PBXBuildFile; fileRef = 74C231282427627C0041B1AC /* Hello_Triangle.cpp */; };
		74C2318E242772F10041B1AC /* GLKit.framework in Frameworks */ = {isa = PBXBuildFile; fileRef = 74C2318D242772F10041B1AC /* GLKit.framework */; };
		74DECBBC243D4F8F0069223C /* CGLES3VertexArrayObject.cpp in Sources */ = {isa = PBXBuildFile; fileRef = 74DECBBA243D4F8F0069223C /* CGLES3VertexArrayObject.cpp */; };
		74DECBBF243D4FC30069223C /* CGLES3VertexBufferObject.cpp in Sources */ = {isa = PBXBuildFile; fileRef = 74DECBBD243D4FC30069223C /* CGLES3VertexBufferObject.cpp */; };
		74DECBC2243D4FE30069223C /* CGLES3IndexBufferObject.cpp in Sources */ = {isa = PBXBuildFile; fileRef = 74DECBC0243D4FE30069223C /* CGLES3IndexBufferObject.cpp */; };
		74DECBC5243E97DA0069223C /* CGLES3RenderTarget.cpp in Sources */ = {isa = PBXBuildFile; fileRef = 74DECBC4243E97D90069223C /* CGLES3RenderTarget.cpp */; };
		74DECBC8243E98990069223C /* CGLES3Texture.cpp in Sources */ = {isa = PBXBuildFile; fileRef = 74DECBC7243E98990069223C /* CGLES3Texture.cpp */; };
		74DECBCC243EA02A0069223C /* CTGAImage.cpp in Sources */ = {isa = PBXBuildFile; fileRef = 74DECBCA243EA02A0069223C /* CTGAImage.cpp */; };
		74DECBD2244689AF0069223C /* CVertexBufferObject.cpp in Sources */ = {isa = PBXBuildFile; fileRef = 74DECBD0244689AF0069223C /* CVertexBufferObject.cpp */; };
		74DECBD5244689C90069223C /* CIndexBufferObject.cpp in Sources */ = {isa = PBXBuildFile; fileRef = 74DECBD3244689C90069223C /* CIndexBufferObject.cpp */; };
		74DECBD8244689E00069223C /* CVertexArrayObject.cpp in Sources */ = {isa = PBXBuildFile; fileRef = 74DECBD6244689E00069223C /* CVertexArrayObject.cpp */; };
/* End PBXBuildFile section */

/* Begin PBXFileReference section */
		742A7E532434245A00D45F20 /* magic.h */ = {isa = PBXFileReference; fileEncoding = 4; lastKnownFileType = sourcecode.c.h; path = magic.h; sourceTree = "<group>"; };
		742A7E542434245A00D45F20 /* IApplication.h */ = {isa = PBXFileReference; fileEncoding = 4; lastKnownFileType = sourcecode.c.h; path = IApplication.h; sourceTree = "<group>"; };
		742A7E562434245A00D45F20 /* IRenderTarget.h */ = {isa = PBXFileReference; fileEncoding = 4; lastKnownFileType = sourcecode.c.h; path = IRenderTarget.h; sourceTree = "<group>"; };
		742A7E572434245A00D45F20 /* IShaderProgram.h */ = {isa = PBXFileReference; fileEncoding = 4; lastKnownFileType = sourcecode.c.h; path = IShaderProgram.h; sourceTree = "<group>"; };
		742A7E582434245A00D45F20 /* IBuffer.h */ = {isa = PBXFileReference; fileEncoding = 4; lastKnownFileType = sourcecode.c.h; path = IBuffer.h; sourceTree = "<group>"; };
		742A7E592434245A00D45F20 /* IRenderer.h */ = {isa = PBXFileReference; fileEncoding = 4; lastKnownFileType = sourcecode.c.h; path = IRenderer.h; sourceTree = "<group>"; };
		742A7E5A2434245A00D45F20 /* SShaderParam.h */ = {isa = PBXFileReference; fileEncoding = 4; lastKnownFileType = sourcecode.c.h; path = SShaderParam.h; sourceTree = "<group>"; };
		742A7E5B2434245A00D45F20 /* IRenderPass.h */ = {isa = PBXFileReference; fileEncoding = 4; lastKnownFileType = sourcecode.c.h; path = IRenderPass.h; sourceTree = "<group>"; };
		742A7E5C2434245A00D45F20 /* ITexture.h */ = {isa = PBXFileReference; fileEncoding = 4; lastKnownFileType = sourcecode.c.h; path = ITexture.h; sourceTree = "<group>"; };
		742A7E5D2434245A00D45F20 /* IRenderInput.h */ = {isa = PBXFileReference; fileEncoding = 4; lastKnownFileType = sourcecode.c.h; path = IRenderInput.h; sourceTree = "<group>"; };
		742A7E5F2434245A00D45F20 /* CMeshRendererComponent.h */ = {isa = PBXFileReference; fileEncoding = 4; lastKnownFileType = sourcecode.c.h; path = CMeshRendererComponent.h; sourceTree = "<group>"; };
		742A7E602434245A00D45F20 /* IComponent.h */ = {isa = PBXFileReference; fileEncoding = 4; lastKnownFileType = sourcecode.c.h; path = IComponent.h; sourceTree = "<group>"; };
		742A7E612434245A00D45F20 /* CCameraComponent.h */ = {isa = PBXFileReference; fileEncoding = 4; lastKnownFileType = sourcecode.c.h; path = CCameraComponent.h; sourceTree = "<group>"; };
		742A7E622434245A00D45F20 /* CComponent.h */ = {isa = PBXFileReference; fileEncoding = 4; lastKnownFileType = sourcecode.c.h; path = CComponent.h; sourceTree = "<group>"; };
		742A7E632434245A00D45F20 /* IObject.h */ = {isa = PBXFileReference; fileEncoding = 4; lastKnownFileType = sourcecode.c.h; path = IObject.h; sourceTree = "<group>"; };
		742A7E642434245A00D45F20 /* IMagic.h */ = {isa = PBXFileReference; fileEncoding = 4; lastKnownFileType = sourcecode.c.h; path = IMagic.h; sourceTree = "<group>"; };
		742A7E662434245A00D45F20 /* ISceneNode.h */ = {isa = PBXFileReference; fileEncoding = 4; lastKnownFileType = sourcecode.c.h; path = ISceneNode.h; sourceTree = "<group>"; };
		742A7E672434245A00D45F20 /* ISceneManager.h */ = {isa = PBXFileReference; fileEncoding = 4; lastKnownFileType = sourcecode.c.h; path = ISceneManager.h; sourceTree = "<group>"; };
		742A7E682434245A00D45F20 /* IScene.h */ = {isa = PBXFileReference; fileEncoding = 4; lastKnownFileType = sourcecode.c.h; path = IScene.h; sourceTree = "<group>"; };
		742A7E692434245A00D45F20 /* IGameObject.h */ = {isa = PBXFileReference; fileEncoding = 4; lastKnownFileType = sourcecode.c.h; path = IGameObject.h; sourceTree = "<group>"; };
		742A7E6B2434245A00D45F20 /* IMesh.h */ = {isa = PBXFileReference; fileEncoding = 4; lastKnownFileType = sourcecode.c.h; path = IMesh.h; sourceTree = "<group>"; };
		742A7E6C2434245A00D45F20 /* IModel.h */ = {isa = PBXFileReference; fileEncoding = 4; lastKnownFileType = sourcecode.c.h; path = IModel.h; sourceTree = "<group>"; };
		742A7E6D2434245A00D45F20 /* IMaterial.h */ = {isa = PBXFileReference; fileEncoding = 4; lastKnownFileType = sourcecode.c.h; path = IMaterial.h; sourceTree = "<group>"; };
		742A7E6E2434245A00D45F20 /* IResourceManager.h */ = {isa = PBXFileReference; fileEncoding = 4; lastKnownFileType = sourcecode.c.h; path = IResourceManager.h; sourceTree = "<group>"; };
		742A7E6F2434245A00D45F20 /* IResource.h */ = {isa = PBXFileReference; fileEncoding = 4; lastKnownFileType = sourcecode.c.h; path = IResource.h; sourceTree = "<group>"; };
		742A7E702434245A00D45F20 /* IShader.h */ = {isa = PBXFileReference; fileEncoding = 4; lastKnownFileType = sourcecode.c.h; path = IShader.h; sourceTree = "<group>"; };
		742A7E722434246600D45F20 /* CMagic.cpp */ = {isa = PBXFileReference; fileEncoding = 4; lastKnownFileType = sourcecode.cpp.cpp; path = CMagic.cpp; sourceTree = "<group>"; };
		742A7E742434246600D45F20 /* magic.cpp */ = {isa = PBXFileReference; fileEncoding = 4; lastKnownFileType = sourcecode.cpp.cpp; path = magic.cpp; sourceTree = "<group>"; };
		742A7E752434246600D45F20 /* CApplication.h */ = {isa = PBXFileReference; fileEncoding = 4; lastKnownFileType = sourcecode.c.h; path = CApplication.h; sourceTree = "<group>"; };
		742A7E7A2434246600D45F20 /* egl.h */ = {isa = PBXFileReference; fileEncoding = 4; lastKnownFileType = sourcecode.c.h; path = egl.h; sourceTree = "<group>"; };
		742A7E7D2434246600D45F20 /* eglext.h */ = {isa = PBXFileReference; fileEncoding = 4; lastKnownFileType = sourcecode.c.h; path = eglext.h; sourceTree = "<group>"; };
		742A7E802434246600D45F20 /* CGLES3Renderer.cpp */ = {isa = PBXFileReference; fileEncoding = 4; lastKnownFileType = sourcecode.cpp.cpp; path = CGLES3Renderer.cpp; sourceTree = "<group>"; };
		742A7E812434246600D45F20 /* CGLES3ShaderProgram.cpp */ = {isa = PBXFileReference; fileEncoding = 4; lastKnownFileType = sourcecode.cpp.cpp; path = CGLES3ShaderProgram.cpp; sourceTree = "<group>"; };
		742A7E822434246600D45F20 /* CGLES3Renderer.h */ = {isa = PBXFileReference; fileEncoding = 4; lastKnownFileType = sourcecode.c.h; path = CGLES3Renderer.h; sourceTree = "<group>"; };
		742A7E842434246600D45F20 /* eglplatform.h */ = {isa = PBXFileReference; fileEncoding = 4; lastKnownFileType = sourcecode.c.h; path = eglplatform.h; sourceTree = "<group>"; };
		742A7E852434246600D45F20 /* gl3.h */ = {isa = PBXFileReference; fileEncoding = 4; lastKnownFileType = sourcecode.c.h; path = gl3.h; sourceTree = "<group>"; };
		742A7E862434246600D45F20 /* CGLES3ShaderProgram.h */ = {isa = PBXFileReference; fileEncoding = 4; lastKnownFileType = sourcecode.c.h; path = CGLES3ShaderProgram.h; sourceTree = "<group>"; };
		742A7E8A2434246600D45F20 /* gl3platform.h */ = {isa = PBXFileReference; fileEncoding = 4; lastKnownFileType = sourcecode.c.h; path = gl3platform.h; sourceTree = "<group>"; };
		742A7E8D2434246600D45F20 /* khrplatform.h */ = {isa = PBXFileReference; fileEncoding = 4; lastKnownFileType = sourcecode.c.h; path = khrplatform.h; sourceTree = "<group>"; };
		742A7E8E2434246600D45F20 /* CRenderer.h */ = {isa = PBXFileReference; fileEncoding = 4; lastKnownFileType = sourcecode.c.h; path = CRenderer.h; sourceTree = "<group>"; };
		742A7E8F2434246600D45F20 /* CShaderProgram.h */ = {isa = PBXFileReference; fileEncoding = 4; lastKnownFileType = sourcecode.c.h; path = CShaderProgram.h; sourceTree = "<group>"; };
		742A7E902434246600D45F20 /* CRenderInput.cpp */ = {isa = PBXFileReference; fileEncoding = 4; lastKnownFileType = sourcecode.cpp.cpp; path = CRenderInput.cpp; sourceTree = "<group>"; };
		742A7E912434246600D45F20 /* CRenderer.cpp */ = {isa = PBXFileReference; fileEncoding = 4; lastKnownFileType = sourcecode.cpp.cpp; path = CRenderer.cpp; sourceTree = "<group>"; };
		742A7E922434246600D45F20 /* CRenderPass.h */ = {isa = PBXFileReference; fileEncoding = 4; lastKnownFileType = sourcecode.c.h; path = CRenderPass.h; sourceTree = "<group>"; };
		742A7E932434246600D45F20 /* CRenderInput.h */ = {isa = PBXFileReference; fileEncoding = 4; lastKnownFileType = sourcecode.c.h; path = CRenderInput.h; sourceTree = "<group>"; };
		742A7E942434246600D45F20 /* CRenderPass.cpp */ = {isa = PBXFileReference; fileEncoding = 4; lastKnownFileType = sourcecode.cpp.cpp; path = CRenderPass.cpp; sourceTree = "<group>"; };
		742A7E962434246600D45F20 /* CCameraComponent.cpp */ = {isa = PBXFileReference; fileEncoding = 4; lastKnownFileType = sourcecode.cpp.cpp; path = CCameraComponent.cpp; sourceTree = "<group>"; };
		742A7E972434246600D45F20 /* CMeshRendererComponent.cpp */ = {isa = PBXFileReference; fileEncoding = 4; lastKnownFileType = sourcecode.cpp.cpp; path = CMeshRendererComponent.cpp; sourceTree = "<group>"; };
		742A7E982434246600D45F20 /* CComponent.cpp */ = {isa = PBXFileReference; fileEncoding = 4; lastKnownFileType = sourcecode.cpp.cpp; path = CComponent.cpp; sourceTree = "<group>"; };
		742A7E992434246600D45F20 /* CApplication.cpp */ = {isa = PBXFileReference; fileEncoding = 4; lastKnownFileType = sourcecode.cpp.cpp; path = CApplication.cpp; sourceTree = "<group>"; };
		742A7E9B2434246600D45F20 /* CScene.h */ = {isa = PBXFileReference; fileEncoding = 4; lastKnownFileType = sourcecode.c.h; path = CScene.h; sourceTree = "<group>"; };
		742A7E9C2434246600D45F20 /* CScene.cpp */ = {isa = PBXFileReference; fileEncoding = 4; lastKnownFileType = sourcecode.cpp.cpp; path = CScene.cpp; sourceTree = "<group>"; };
		742A7E9D2434246600D45F20 /* CSceneManager.h */ = {isa = PBXFileReference; fileEncoding = 4; lastKnownFileType = sourcecode.c.h; path = CSceneManager.h; sourceTree = "<group>"; };
		742A7E9E2434246600D45F20 /* CSceneNode.h */ = {isa = PBXFileReference; fileEncoding = 4; lastKnownFileType = sourcecode.c.h; path = CSceneNode.h; sourceTree = "<group>"; };
		742A7E9F2434246600D45F20 /* CSceneManager.cpp */ = {isa = PBXFileReference; fileEncoding = 4; lastKnownFileType = sourcecode.cpp.cpp; path = CSceneManager.cpp; sourceTree = "<group>"; };
		742A7EA02434246600D45F20 /* CSceneNode.cpp */ = {isa = PBXFileReference; fileEncoding = 4; lastKnownFileType = sourcecode.cpp.cpp; path = CSceneNode.cpp; sourceTree = "<group>"; };
		742A7EA12434246600D45F20 /* CGameObject.h */ = {isa = PBXFileReference; fileEncoding = 4; lastKnownFileType = sourcecode.c.h; path = CGameObject.h; sourceTree = "<group>"; };
		742A7EA22434246600D45F20 /* CGameObject.cpp */ = {isa = PBXFileReference; fileEncoding = 4; lastKnownFileType = sourcecode.cpp.cpp; path = CGameObject.cpp; sourceTree = "<group>"; };
		742A7EA42434246600D45F20 /* CMagic.h */ = {isa = PBXFileReference; fileEncoding = 4; lastKnownFileType = sourcecode.c.h; path = CMagic.h; sourceTree = "<group>"; };
		742A7EA52434246600D45F20 /* CWindow.h */ = {isa = PBXFileReference; fileEncoding = 4; lastKnownFileType = sourcecode.c.h; path = CWindow.h; sourceTree = "<group>"; };
		742A7EC12434247C00D45F20 /* CVector2.h */ = {isa = PBXFileReference; fileEncoding = 4; lastKnownFileType = sourcecode.c.h; path = CVector2.h; sourceTree = "<group>"; };
		742A7EC22434247C00D45F20 /* CBoundingBox.h */ = {isa = PBXFileReference; fileEncoding = 4; lastKnownFileType = sourcecode.c.h; path = CBoundingBox.h; sourceTree = "<group>"; };
		742A7EC32434247C00D45F20 /* CFrustum.h */ = {isa = PBXFileReference; fileEncoding = 4; lastKnownFileType = sourcecode.c.h; path = CFrustum.h; sourceTree = "<group>"; };
		742A7EC42434247C00D45F20 /* CRay.h */ = {isa = PBXFileReference; fileEncoding = 4; lastKnownFileType = sourcecode.c.h; path = CRay.h; sourceTree = "<group>"; };
		742A7EC52434247C00D45F20 /* CMatrix4.h */ = {isa = PBXFileReference; fileEncoding = 4; lastKnownFileType = sourcecode.c.h; path = CMatrix4.h; sourceTree = "<group>"; };
		742A7EC62434247C00D45F20 /* CPlane3.h */ = {isa = PBXFileReference; fileEncoding = 4; lastKnownFileType = sourcecode.c.h; path = CPlane3.h; sourceTree = "<group>"; };
		742A7EC72434247C00D45F20 /* CVector3.h */ = {isa = PBXFileReference; fileEncoding = 4; lastKnownFileType = sourcecode.c.h; path = CVector3.h; sourceTree = "<group>"; };
		742A7EC82434247C00D45F20 /* CQuaternion.h */ = {isa = PBXFileReference; fileEncoding = 4; lastKnownFileType = sourcecode.c.h; path = CQuaternion.h; sourceTree = "<group>"; };
		742A7ECB2434247C00D45F20 /* magicDef.h */ = {isa = PBXFileReference; fileEncoding = 4; lastKnownFileType = sourcecode.c.h; path = magicDef.h; sourceTree = "<group>"; };
		742A7ECC2434247C00D45F20 /* CSingleton.h */ = {isa = PBXFileReference; fileEncoding = 4; lastKnownFileType = sourcecode.c.h; path = CSingleton.h; sourceTree = "<group>"; };
		742A7ECD2434247C00D45F20 /* magicType.h */ = {isa = PBXFileReference; fileEncoding = 4; lastKnownFileType = sourcecode.c.h; path = magicType.h; sourceTree = "<group>"; };
		742A7ECE2434247C00D45F20 /* magicString.h */ = {isa = PBXFileReference; fileEncoding = 4; lastKnownFileType = sourcecode.c.h; path = magicString.h; sourceTree = "<group>"; };
		742A7ECF2434247C00D45F20 /* StringHelper.h */ = {isa = PBXFileReference; fileEncoding = 4; lastKnownFileType = sourcecode.c.h; path = StringHelper.h; sourceTree = "<group>"; };
		742A7ED02434247C00D45F20 /* SColor.h */ = {isa = PBXFileReference; fileEncoding = 4; lastKnownFileType = sourcecode.c.h; path = SColor.h; sourceTree = "<group>"; };
		742A7ED12434247C00D45F20 /* base.h */ = {isa = PBXFileReference; fileEncoding = 4; lastKnownFileType = sourcecode.c.h; path = base.h; sourceTree = "<group>"; };
		742A7ED2243425F300D45F20 /* SRenderContext.h */ = {isa = PBXFileReference; lastKnownFileType = sourcecode.c.h; path = SRenderContext.h; sourceTree = "<group>"; };
		742A7ED324343A5800D45F20 /* CVector4.h */ = {isa = PBXFileReference; lastKnownFileType = sourcecode.c.h; path = CVector4.h; sourceTree = "<group>"; };
		742A7ED424343F2A00D45F20 /* CMesh.h */ = {isa = PBXFileReference; lastKnownFileType = sourcecode.c.h; path = CMesh.h; sourceTree = "<group>"; };
		742A7ED524343F4300D45F20 /* CMaterial.h */ = {isa = PBXFileReference; lastKnownFileType = sourcecode.c.h; path = CMaterial.h; sourceTree = "<group>"; };
		742A7ED624343F6500D45F20 /* CShader.h */ = {isa = PBXFileReference; lastKnownFileType = sourcecode.c.h; path = CShader.h; sourceTree = "<group>"; };
		742A7ED72434404300D45F20 /* CMesh.cpp */ = {isa = PBXFileReference; lastKnownFileType = sourcecode.cpp.cpp; path = CMesh.cpp; sourceTree = "<group>"; };
		742A7ED92434405700D45F20 /* CMaterial.cpp */ = {isa = PBXFileReference; lastKnownFileType = sourcecode.cpp.cpp; path = CMaterial.cpp; sourceTree = "<group>"; };
		742A7EDB2434406C00D45F20 /* CShader.cpp */ = {isa = PBXFileReference; lastKnownFileType = sourcecode.cpp.cpp; path = CShader.cpp; sourceTree = "<group>"; };
		742A7EDD2439E71900D45F20 /* CMaterialInstance.cpp */ = {isa = PBXFileReference; lastKnownFileType = sourcecode.cpp.cpp; path = CMaterialInstance.cpp; sourceTree = "<group>"; };
		742A7EDE2439E71900D45F20 /* CMaterialInstance.h */ = {isa = PBXFileReference; lastKnownFileType = sourcecode.c.h; path = CMaterialInstance.h; sourceTree = "<group>"; };
		742A7EE0243ACA2800D45F20 /* CShaderProgram.cpp */ = {isa = PBXFileReference; lastKnownFileType = sourcecode.cpp.cpp; path = CShaderProgram.cpp; sourceTree = "<group>"; };
		742A7EE4243AD40900D45F20 /* Log.h */ = {isa = PBXFileReference; lastKnownFileType = sourcecode.c.h; path = Log.h; sourceTree = "<group>"; };
		7485B4A2244E6FD300FB9711 /* CRenderQueue.cpp */ = {isa = PBXFileReference; lastKnownFileType = sourcecode.cpp.cpp; path = CRenderQueue.cpp; sourceTree = "<group>"; };
		7485B4A3244E6FD300FB9711 /* CRenderQueue.h */ = {isa = PBXFileReference; lastKnownFileType = sourcecode.c.h; path = CRenderQueue.h; sourceTree = "<group>"; };
		7485B4A52452609500FB9711 /* ITime.h */ = {isa = PBXFileReference; lastKnownFileType = sourcecode.c.h; path = ITime.h; sourceTree = "<group>"; };
		7485B4A6245260C700FB9711 /* CTime.cpp */ = {isa = PBXFileReference; lastKnownFileType = sourcecode.cpp.cpp; path = CTime.cpp; sourceTree = "<group>"; };
		7485B4A82452616200FB9711 /* CTime.h */ = {isa = PBXFileReference; lastKnownFileType = sourcecode.c.h; path = CTime.h; sourceTree = "<group>"; };
		7485B4A92453E1DA00FB9711 /* CResourceManager.cpp */ = {isa = PBXFileReference; lastKnownFileType = sourcecode.cpp.cpp; path = CResourceManager.cpp; sourceTree = "<group>"; };
		7485B4AA2453E1DA00FB9711 /* CResourceManager.h */ = {isa = PBXFileReference; lastKnownFileType = sourcecode.c.h; path = CResourceManager.h; sourceTree = "<group>"; };
		7485B4B62453EA7800FB9711 /* crate.tga */ = {isa = PBXFileReference; lastKnownFileType = file; path = crate.tga; sourceTree = "<group>"; };
		7485B4B8245409CC00FB9711 /* OpenGLES.framework */ = {isa = PBXFileReference; lastKnownFileType = wrapper.framework; name = OpenGLES.framework; path = System/Library/Frameworks/OpenGLES.framework; sourceTree = SDKROOT; };
		7485B4BA245409D600FB9711 /* Foundation.framework */ = {isa = PBXFileReference; lastKnownFileType = wrapper.framework; name = Foundation.framework; path = System/Library/Frameworks/Foundation.framework; sourceTree = SDKROOT; };
		7485B4BC24540A3400FB9711 /* UIKit.framework */ = {isa = PBXFileReference; lastKnownFileType = wrapper.framework; name = UIKit.framework; path = System/Library/Frameworks/UIKit.framework; sourceTree = SDKROOT; };
		7485B4BE24540A3D00FB9711 /* CoreGraphics.framework */ = {isa = PBXFileReference; lastKnownFileType = wrapper.framework; name = CoreGraphics.framework; path = System/Library/Frameworks/CoreGraphics.framework; sourceTree = SDKROOT; };
		7485B4C024540D6300FB9711 /* FileWrapper.h */ = {isa = PBXFileReference; fileEncoding = 4; lastKnownFileType = sourcecode.c.h; path = FileWrapper.h; sourceTree = "<group>"; };
		7485B4C124540D6300FB9711 /* FileWrapper.mm */ = {isa = PBXFileReference; fileEncoding = 4; lastKnownFileType = sourcecode.cpp.objcpp; path = FileWrapper.mm; sourceTree = "<group>"; };
		7485B4C42455D2F400FB9711 /* common.vert */ = {isa = PBXFileReference; lastKnownFileType = sourcecode.glsl; path = common.vert; sourceTree = "<group>"; };
		7485B4C62455D5F400FB9711 /* common.frag */ = {isa = PBXFileReference; lastKnownFileType = sourcecode.glsl; path = common.frag; sourceTree = "<group>"; };
		748A949D2460D942001BB2B7 /* HelloTriangle.cpp */ = {isa = PBXFileReference; lastKnownFileType = sourcecode.cpp.cpp; path = HelloTriangle.cpp; sourceTree = "<group>"; };
		748A949E2460D942001BB2B7 /* HelloTriangle.h */ = {isa = PBXFileReference; lastKnownFileType = sourcecode.c.h; path = HelloTriangle.h; sourceTree = "<group>"; };
		748A94A22460EA50001BB2B7 /* multTarget.frag */ = {isa = PBXFileReference; lastKnownFileType = sourcecode.glsl; path = multTarget.frag; sourceTree = "<group>"; };
		748A94A42460EBFE001BB2B7 /* multTarget.vert */ = {isa = PBXFileReference; lastKnownFileType = sourcecode.glsl; path = multTarget.vert; sourceTree = "<group>"; };
		748A94A62460EDEB001BB2B7 /* deferredShade.vert */ = {isa = PBXFileReference; lastKnownFileType = sourcecode.glsl; path = deferredShade.vert; sourceTree = "<group>"; };
		748A94A82460EE03001BB2B7 /* deferredShade.frag */ = {isa = PBXFileReference; lastKnownFileType = sourcecode.glsl; path = deferredShade.frag; sourceTree = "<group>"; };
		748A94AC2467D8D3001BB2B7 /* CGameUnit.h */ = {isa = PBXFileReference; lastKnownFileType = sourcecode.c.h; path = CGameUnit.h; sourceTree = "<group>"; };
		748A94AF2468C820001BB2B7 /* rapidxml_iterators.hpp */ = {isa = PBXFileReference; fileEncoding = 4; lastKnownFileType = sourcecode.cpp.h; path = rapidxml_iterators.hpp; sourceTree = "<group>"; };
		748A94B02468C820001BB2B7 /* rapidxml_print.hpp */ = {isa = PBXFileReference; fileEncoding = 4; lastKnownFileType = sourcecode.cpp.h; path = rapidxml_print.hpp; sourceTree = "<group>"; };
		748A94B12468C820001BB2B7 /* rapidxml_utils.hpp */ = {isa = PBXFileReference; fileEncoding = 4; lastKnownFileType = sourcecode.cpp.h; path = rapidxml_utils.hpp; sourceTree = "<group>"; };
		748A94B22468C820001BB2B7 /* rapidxml.hpp */ = {isa = PBXFileReference; fileEncoding = 4; lastKnownFileType = sourcecode.cpp.h; path = rapidxml.hpp; sourceTree = "<group>"; };
		748A94B32468C820001BB2B7 /* license.txt */ = {isa = PBXFileReference; fileEncoding = 4; lastKnownFileType = text; path = license.txt; sourceTree = "<group>"; };
		748A94B42468C820001BB2B7 /* manual.html */ = {isa = PBXFileReference; fileEncoding = 4; lastKnownFileType = text.html; path = manual.html; sourceTree = "<group>"; };
		748A94C52468CBCF001BB2B7 /* cube.mesh.xml */ = {isa = PBXFileReference; lastKnownFileType = text.xml; path = cube.mesh.xml; sourceTree = "<group>"; };
		748A94C72468CBFA001BB2B7 /* triangle.mesh.xml */ = {isa = PBXFileReference; lastKnownFileType = text.xml; path = triangle.mesh.xml; sourceTree = "<group>"; };
		748A94C92468CC26001BB2B7 /* common.mat.xml */ = {isa = PBXFileReference; lastKnownFileType = text.xml; path = common.mat.xml; sourceTree = "<group>"; };
		748A94CB2468CC4A001BB2B7 /* multtaregt.mat.xml */ = {isa = PBXFileReference; lastKnownFileType = text.xml; path = multtaregt.mat.xml; sourceTree = "<group>"; };
		748A94CD2468CC68001BB2B7 /* deferredshade.mat.xml */ = {isa = PBXFileReference; lastKnownFileType = text.xml; path = deferredshade.mat.xml; sourceTree = "<group>"; };
		74C230F9242760260041B1AC /* HelloTriangle.app */ = {isa = PBXFileReference; explicitFileType = wrapper.application; includeInIndex = 0; path = HelloTriangle.app; sourceTree = BUILT_PRODUCTS_DIR; };
		74C230FC242760260041B1AC /* AppDelegate.h */ = {isa = PBXFileReference; lastKnownFileType = sourcecode.c.h; path = AppDelegate.h; sourceTree = "<group>"; };
		74C230FD242760260041B1AC /* AppDelegate.mm */ = {isa = PBXFileReference; lastKnownFileType = sourcecode.cpp.objcpp; path = AppDelegate.mm; sourceTree = "<group>"; };
		74C23102242760260041B1AC /* ViewController.h */ = {isa = PBXFileReference; lastKnownFileType = sourcecode.c.h; path = ViewController.h; sourceTree = "<group>"; };
		74C23103242760260041B1AC /* ViewController.mm */ = {isa = PBXFileReference; lastKnownFileType = sourcecode.cpp.objcpp; path = ViewController.mm; sourceTree = "<group>"; };
		74C23106242760260041B1AC /* Base */ = {isa = PBXFileReference; lastKnownFileType = file.storyboard; name = Base; path = Base.lproj/Main.storyboard; sourceTree = "<group>"; };
		74C23109242760260041B1AC /* HelloTriangle.xcdatamodel */ = {isa = PBXFileReference; lastKnownFileType = wrapper.xcdatamodel; path = HelloTriangle.xcdatamodel; sourceTree = "<group>"; };
		74C2310B2427602A0041B1AC /* Assets.xcassets */ = {isa = PBXFileReference; lastKnownFileType = folder.assetcatalog; path = Assets.xcassets; sourceTree = "<group>"; };
		74C2310E2427602A0041B1AC /* Base */ = {isa = PBXFileReference; lastKnownFileType = file.storyboard; name = Base; path = Base.lproj/LaunchScreen.storyboard; sourceTree = "<group>"; };
		74C231102427602A0041B1AC /* Info.plist */ = {isa = PBXFileReference; lastKnownFileType = text.plist.xml; path = Info.plist; sourceTree = "<group>"; };
		74C231112427602A0041B1AC /* main.m */ = {isa = PBXFileReference; lastKnownFileType = sourcecode.c.objc; path = main.m; sourceTree = "<group>"; };
		74C23118242760CF0041B1AC /* SceneDelegate.mm */ = {isa = PBXFileReference; fileEncoding = 4; lastKnownFileType = sourcecode.cpp.objcpp; path = SceneDelegate.mm; sourceTree = "<group>"; };
		74C23119242760CF0041B1AC /* SceneDelegate.h */ = {isa = PBXFileReference; fileEncoding = 4; lastKnownFileType = sourcecode.c.h; path = SceneDelegate.h; sourceTree = "<group>"; };
		74C231282427627C0041B1AC /* Hello_Triangle.cpp */ = {isa = PBXFileReference; fileEncoding = 4; lastKnownFileType = sourcecode.cpp.cpp; path = Hello_Triangle.cpp; sourceTree = "<group>"; };
		74C2318B242772E30041B1AC /* CoreMotion.framework */ = {isa = PBXFileReference; lastKnownFileType = wrapper.framework; name = CoreMotion.framework; path = System/Library/Frameworks/CoreMotion.framework; sourceTree = SDKROOT; };
		74C2318D242772F10041B1AC /* GLKit.framework */ = {isa = PBXFileReference; lastKnownFileType = wrapper.framework; name = GLKit.framework; path = System/Library/Frameworks/GLKit.framework; sourceTree = SDKROOT; };
		74DECBBA243D4F8F0069223C /* CGLES3VertexArrayObject.cpp */ = {isa = PBXFileReference; lastKnownFileType = sourcecode.cpp.cpp; path = CGLES3VertexArrayObject.cpp; sourceTree = "<group>"; };
		74DECBBB243D4F8F0069223C /* CGLES3VertexArrayObject.h */ = {isa = PBXFileReference; lastKnownFileType = sourcecode.c.h; path = CGLES3VertexArrayObject.h; sourceTree = "<group>"; };
		74DECBBD243D4FC30069223C /* CGLES3VertexBufferObject.cpp */ = {isa = PBXFileReference; lastKnownFileType = sourcecode.cpp.cpp; path = CGLES3VertexBufferObject.cpp; sourceTree = "<group>"; };
		74DECBBE243D4FC30069223C /* CGLES3VertexBufferObject.h */ = {isa = PBXFileReference; lastKnownFileType = sourcecode.c.h; path = CGLES3VertexBufferObject.h; sourceTree = "<group>"; };
		74DECBC0243D4FE30069223C /* CGLES3IndexBufferObject.cpp */ = {isa = PBXFileReference; lastKnownFileType = sourcecode.cpp.cpp; path = CGLES3IndexBufferObject.cpp; sourceTree = "<group>"; };
		74DECBC1243D4FE30069223C /* CGLES3IndexBufferObject.h */ = {isa = PBXFileReference; lastKnownFileType = sourcecode.c.h; path = CGLES3IndexBufferObject.h; sourceTree = "<group>"; };
		74DECBC3243E97D90069223C /* CGLES3RenderTarget.h */ = {isa = PBXFileReference; fileEncoding = 4; lastKnownFileType = sourcecode.c.h; path = CGLES3RenderTarget.h; sourceTree = "<group>"; };
		74DECBC4243E97D90069223C /* CGLES3RenderTarget.cpp */ = {isa = PBXFileReference; fileEncoding = 4; lastKnownFileType = sourcecode.cpp.cpp; path = CGLES3RenderTarget.cpp; sourceTree = "<group>"; };
		74DECBC6243E98990069223C /* CGLES3Texture.h */ = {isa = PBXFileReference; fileEncoding = 4; lastKnownFileType = sourcecode.c.h; path = CGLES3Texture.h; sourceTree = "<group>"; };
		74DECBC7243E98990069223C /* CGLES3Texture.cpp */ = {isa = PBXFileReference; fileEncoding = 4; lastKnownFileType = sourcecode.cpp.cpp; path = CGLES3Texture.cpp; sourceTree = "<group>"; };
		74DECBC9243E998C0069223C /* GLESDebug.h */ = {isa = PBXFileReference; fileEncoding = 4; lastKnownFileType = sourcecode.c.h; path = GLESDebug.h; sourceTree = "<group>"; };
		74DECBCA243EA02A0069223C /* CTGAImage.cpp */ = {isa = PBXFileReference; fileEncoding = 4; lastKnownFileType = sourcecode.cpp.cpp; path = CTGAImage.cpp; sourceTree = "<group>"; };
		74DECBCB243EA02A0069223C /* CTGAImage.h */ = {isa = PBXFileReference; fileEncoding = 4; lastKnownFileType = sourcecode.c.h; path = CTGAImage.h; sourceTree = "<group>"; };
		74DECBCD243EA0420069223C /* IImage.h */ = {isa = PBXFileReference; fileEncoding = 4; lastKnownFileType = sourcecode.c.h; path = IImage.h; sourceTree = "<group>"; };
		74DECBCE2442B1790069223C /* ERender.h */ = {isa = PBXFileReference; lastKnownFileType = sourcecode.c.h; path = ERender.h; sourceTree = "<group>"; };
		74DECBCF2443E3A20069223C /* GLESType.h */ = {isa = PBXFileReference; fileEncoding = 4; lastKnownFileType = sourcecode.c.h; path = GLESType.h; sourceTree = "<group>"; };
		74DECBD0244689AF0069223C /* CVertexBufferObject.cpp */ = {isa = PBXFileReference; lastKnownFileType = sourcecode.cpp.cpp; path = CVertexBufferObject.cpp; sourceTree = "<group>"; };
		74DECBD1244689AF0069223C /* CVertexBufferObject.h */ = {isa = PBXFileReference; lastKnownFileType = sourcecode.c.h; path = CVertexBufferObject.h; sourceTree = "<group>"; };
		74DECBD3244689C90069223C /* CIndexBufferObject.cpp */ = {isa = PBXFileReference; lastKnownFileType = sourcecode.cpp.cpp; path = CIndexBufferObject.cpp; sourceTree = "<group>"; };
		74DECBD4244689C90069223C /* CIndexBufferObject.h */ = {isa = PBXFileReference; lastKnownFileType = sourcecode.c.h; path = CIndexBufferObject.h; sourceTree = "<group>"; };
		74DECBD6244689E00069223C /* CVertexArrayObject.cpp */ = {isa = PBXFileReference; lastKnownFileType = sourcecode.cpp.cpp; path = CVertexArrayObject.cpp; sourceTree = "<group>"; };
		74DECBD7244689E00069223C /* CVertexArrayObject.h */ = {isa = PBXFileReference; lastKnownFileType = sourcecode.c.h; path = CVertexArrayObject.h; sourceTree = "<group>"; };
/* End PBXFileReference section */

/* Begin PBXFrameworksBuildPhase section */
		74C230F6242760260041B1AC /* Frameworks */ = {
			isa = PBXFrameworksBuildPhase;
			buildActionMask = 2147483647;
			files = (
				7485B4BF24540A3D00FB9711 /* CoreGraphics.framework in Frameworks */,
				7485B4BD24540A3400FB9711 /* UIKit.framework in Frameworks */,
				7485B4BB245409D600FB9711 /* Foundation.framework in Frameworks */,
				7485B4B9245409CC00FB9711 /* OpenGLES.framework in Frameworks */,
				74C2318E242772F10041B1AC /* GLKit.framework in Frameworks */,
			);
			runOnlyForDeploymentPostprocessing = 0;
		};
/* End PBXFrameworksBuildPhase section */

/* Begin PBXGroup section */
		742A7E522434245A00D45F20 /* include */ = {
			isa = PBXGroup;
			children = (
				742A7E532434245A00D45F20 /* magic.h */,
				742A7E542434245A00D45F20 /* IApplication.h */,
				742A7E552434245A00D45F20 /* render */,
				742A7E5E2434245A00D45F20 /* component */,
				742A7E632434245A00D45F20 /* IObject.h */,
				742A7E642434245A00D45F20 /* IMagic.h */,
				742A7E652434245A00D45F20 /* scene */,
				742A7E6A2434245A00D45F20 /* resource */,
				7485B4A52452609500FB9711 /* ITime.h */,
			);
			name = include;
			path = ../../../include;
			sourceTree = "<group>";
		};
		742A7E552434245A00D45F20 /* render */ = {
			isa = PBXGroup;
			children = (
				742A7E562434245A00D45F20 /* IRenderTarget.h */,
				742A7E932434246600D45F20 /* CRenderInput.h */,
				742A7E572434245A00D45F20 /* IShaderProgram.h */,
				742A7E582434245A00D45F20 /* IBuffer.h */,
				742A7EDE2439E71900D45F20 /* CMaterialInstance.h */,
				742A7E592434245A00D45F20 /* IRenderer.h */,
				742A7E5A2434245A00D45F20 /* SShaderParam.h */,
				742A7E5B2434245A00D45F20 /* IRenderPass.h */,
				742A7E5C2434245A00D45F20 /* ITexture.h */,
				742A7E5D2434245A00D45F20 /* IRenderInput.h */,
				742A7ED2243425F300D45F20 /* SRenderContext.h */,
				74DECBCE2442B1790069223C /* ERender.h */,
			);
			path = render;
			sourceTree = "<group>";
		};
		742A7E5E2434245A00D45F20 /* component */ = {
			isa = PBXGroup;
			children = (
				742A7E5F2434245A00D45F20 /* CMeshRendererComponent.h */,
				742A7E602434245A00D45F20 /* IComponent.h */,
				742A7E612434245A00D45F20 /* CCameraComponent.h */,
				742A7E622434245A00D45F20 /* CComponent.h */,
			);
			path = component;
			sourceTree = "<group>";
		};
		742A7E652434245A00D45F20 /* scene */ = {
			isa = PBXGroup;
			children = (
				742A7E662434245A00D45F20 /* ISceneNode.h */,
				742A7E672434245A00D45F20 /* ISceneManager.h */,
				742A7EA12434246600D45F20 /* CGameObject.h */,
				742A7E682434245A00D45F20 /* IScene.h */,
				742A7E692434245A00D45F20 /* IGameObject.h */,
				748A94AC2467D8D3001BB2B7 /* CGameUnit.h */,
			);
			path = scene;
			sourceTree = "<group>";
		};
		742A7E6A2434245A00D45F20 /* resource */ = {
			isa = PBXGroup;
			children = (
				742A7E6B2434245A00D45F20 /* IMesh.h */,
				742A7E6C2434245A00D45F20 /* IModel.h */,
				742A7E6D2434245A00D45F20 /* IMaterial.h */,
				742A7E6E2434245A00D45F20 /* IResourceManager.h */,
				74DECBCD243EA0420069223C /* IImage.h */,
				742A7E6F2434245A00D45F20 /* IResource.h */,
				742A7E702434245A00D45F20 /* IShader.h */,
				742A7ED424343F2A00D45F20 /* CMesh.h */,
				742A7ED524343F4300D45F20 /* CMaterial.h */,
				742A7ED624343F6500D45F20 /* CShader.h */,
			);
			path = resource;
			sourceTree = "<group>";
		};
		742A7E712434246600D45F20 /* source */ = {
			isa = PBXGroup;
			children = (
				742A7E722434246600D45F20 /* CMagic.cpp */,
				742A7E742434246600D45F20 /* magic.cpp */,
				742A7E752434246600D45F20 /* CApplication.h */,
				742A7E762434246600D45F20 /* render */,
				742A7E952434246600D45F20 /* component */,
				742A7E992434246600D45F20 /* CApplication.cpp */,
				742A7E9A2434246600D45F20 /* scene */,
				742A7EA32434246600D45F20 /* resource */,
				742A7EA42434246600D45F20 /* CMagic.h */,
				742A7EA52434246600D45F20 /* CWindow.h */,
				7485B4A6245260C700FB9711 /* CTime.cpp */,
				7485B4A82452616200FB9711 /* CTime.h */,
			);
			name = source;
			path = ../../../source;
			sourceTree = "<group>";
		};
		742A7E762434246600D45F20 /* render */ = {
			isa = PBXGroup;
			children = (
				742A7E772434246600D45F20 /* gles3 */,
				742A7E8E2434246600D45F20 /* CRenderer.h */,
				742A7E8F2434246600D45F20 /* CShaderProgram.h */,
				742A7E902434246600D45F20 /* CRenderInput.cpp */,
				742A7E912434246600D45F20 /* CRenderer.cpp */,
				742A7E922434246600D45F20 /* CRenderPass.h */,
				742A7E942434246600D45F20 /* CRenderPass.cpp */,
				742A7EDD2439E71900D45F20 /* CMaterialInstance.cpp */,
				742A7EE0243ACA2800D45F20 /* CShaderProgram.cpp */,
				74DECBD0244689AF0069223C /* CVertexBufferObject.cpp */,
				74DECBD1244689AF0069223C /* CVertexBufferObject.h */,
				74DECBD3244689C90069223C /* CIndexBufferObject.cpp */,
				74DECBD4244689C90069223C /* CIndexBufferObject.h */,
				74DECBD6244689E00069223C /* CVertexArrayObject.cpp */,
				74DECBD7244689E00069223C /* CVertexArrayObject.h */,
				7485B4A2244E6FD300FB9711 /* CRenderQueue.cpp */,
				7485B4A3244E6FD300FB9711 /* CRenderQueue.h */,
			);
			path = render;
			sourceTree = "<group>";
		};
		742A7E772434246600D45F20 /* gles3 */ = {
			isa = PBXGroup;
			children = (
				74DECBC9243E998C0069223C /* GLESDebug.h */,
				74DECBC7243E98990069223C /* CGLES3Texture.cpp */,
				74DECBC6243E98990069223C /* CGLES3Texture.h */,
				74DECBC4243E97D90069223C /* CGLES3RenderTarget.cpp */,
				74DECBC3243E97D90069223C /* CGLES3RenderTarget.h */,
				742A7E7A2434246600D45F20 /* egl.h */,
				742A7E7D2434246600D45F20 /* eglext.h */,
				742A7E802434246600D45F20 /* CGLES3Renderer.cpp */,
				742A7E812434246600D45F20 /* CGLES3ShaderProgram.cpp */,
				742A7E822434246600D45F20 /* CGLES3Renderer.h */,
				74DECBCF2443E3A20069223C /* GLESType.h */,
				742A7E842434246600D45F20 /* eglplatform.h */,
				742A7E852434246600D45F20 /* gl3.h */,
				742A7E862434246600D45F20 /* CGLES3ShaderProgram.h */,
				742A7E8A2434246600D45F20 /* gl3platform.h */,
				742A7E8D2434246600D45F20 /* khrplatform.h */,
				74DECBC0243D4FE30069223C /* CGLES3IndexBufferObject.cpp */,
				74DECBC1243D4FE30069223C /* CGLES3IndexBufferObject.h */,
				74DECBBA243D4F8F0069223C /* CGLES3VertexArrayObject.cpp */,
				74DECBBB243D4F8F0069223C /* CGLES3VertexArrayObject.h */,
				74DECBBD243D4FC30069223C /* CGLES3VertexBufferObject.cpp */,
				74DECBBE243D4FC30069223C /* CGLES3VertexBufferObject.h */,
			);
			path = gles3;
			sourceTree = "<group>";
		};
		742A7E952434246600D45F20 /* component */ = {
			isa = PBXGroup;
			children = (
				742A7E962434246600D45F20 /* CCameraComponent.cpp */,
				742A7E972434246600D45F20 /* CMeshRendererComponent.cpp */,
				742A7E982434246600D45F20 /* CComponent.cpp */,
			);
			path = component;
			sourceTree = "<group>";
		};
		742A7E9A2434246600D45F20 /* scene */ = {
			isa = PBXGroup;
			children = (
				742A7E9B2434246600D45F20 /* CScene.h */,
				742A7E9C2434246600D45F20 /* CScene.cpp */,
				742A7E9D2434246600D45F20 /* CSceneManager.h */,
				742A7E9E2434246600D45F20 /* CSceneNode.h */,
				742A7E9F2434246600D45F20 /* CSceneManager.cpp */,
				742A7EA02434246600D45F20 /* CSceneNode.cpp */,
				742A7EA22434246600D45F20 /* CGameObject.cpp */,
			);
			path = scene;
			sourceTree = "<group>";
		};
		742A7EA32434246600D45F20 /* resource */ = {
			isa = PBXGroup;
			children = (
				742A7ED72434404300D45F20 /* CMesh.cpp */,
				7485B4C024540D6300FB9711 /* FileWrapper.h */,
				7485B4C124540D6300FB9711 /* FileWrapper.mm */,
				74DECBCA243EA02A0069223C /* CTGAImage.cpp */,
				74DECBCB243EA02A0069223C /* CTGAImage.h */,
				742A7ED92434405700D45F20 /* CMaterial.cpp */,
				742A7EDB2434406C00D45F20 /* CShader.cpp */,
				7485B4A92453E1DA00FB9711 /* CResourceManager.cpp */,
				7485B4AA2453E1DA00FB9711 /* CResourceManager.h */,
			);
			path = resource;
			sourceTree = "<group>";
		};
		742A7EBD2434247C00D45F20 /* common */ = {
			isa = PBXGroup;
			children = (
				742A7EBE2434247C00D45F20 /* net */,
				742A7EBF2434247C00D45F20 /* io */,
				742A7EC02434247C00D45F20 /* math */,
				742A7EC92434247C00D45F20 /* physics */,
				742A7ECA2434247C00D45F20 /* base */,
			);
			name = common;
			path = ../../../common;
			sourceTree = "<group>";
		};
		742A7EBE2434247C00D45F20 /* net */ = {
			isa = PBXGroup;
			children = (
			);
			path = net;
			sourceTree = "<group>";
		};
		742A7EBF2434247C00D45F20 /* io */ = {
			isa = PBXGroup;
			children = (
			);
			path = io;
			sourceTree = "<group>";
		};
		742A7EC02434247C00D45F20 /* math */ = {
			isa = PBXGroup;
			children = (
				742A7EC12434247C00D45F20 /* CVector2.h */,
				742A7EC22434247C00D45F20 /* CBoundingBox.h */,
				742A7EC32434247C00D45F20 /* CFrustum.h */,
				742A7EC42434247C00D45F20 /* CRay.h */,
				742A7EC52434247C00D45F20 /* CMatrix4.h */,
				742A7EC62434247C00D45F20 /* CPlane3.h */,
				742A7EC72434247C00D45F20 /* CVector3.h */,
				742A7EC82434247C00D45F20 /* CQuaternion.h */,
				742A7ED324343A5800D45F20 /* CVector4.h */,
			);
			path = math;
			sourceTree = "<group>";
		};
		742A7EC92434247C00D45F20 /* physics */ = {
			isa = PBXGroup;
			children = (
			);
			path = physics;
			sourceTree = "<group>";
		};
		742A7ECA2434247C00D45F20 /* base */ = {
			isa = PBXGroup;
			children = (
				742A7ECB2434247C00D45F20 /* magicDef.h */,
				742A7ECC2434247C00D45F20 /* CSingleton.h */,
				742A7ECD2434247C00D45F20 /* magicType.h */,
				742A7ECE2434247C00D45F20 /* magicString.h */,
				742A7ECF2434247C00D45F20 /* StringHelper.h */,
				742A7ED02434247C00D45F20 /* SColor.h */,
				742A7ED12434247C00D45F20 /* base.h */,
				742A7EE4243AD40900D45F20 /* Log.h */,
			);
			path = base;
			sourceTree = "<group>";
		};
		748A94AD2468C820001BB2B7 /* dependencies */ = {
			isa = PBXGroup;
			children = (
				748A94AE2468C820001BB2B7 /* rapidxml-1.13 */,
			);
			name = dependencies;
			path = ../../../dependencies;
			sourceTree = "<group>";
		};
		748A94AE2468C820001BB2B7 /* rapidxml-1.13 */ = {
			isa = PBXGroup;
			children = (
				748A94AF2468C820001BB2B7 /* rapidxml_iterators.hpp */,
				748A94B02468C820001BB2B7 /* rapidxml_print.hpp */,
				748A94B12468C820001BB2B7 /* rapidxml_utils.hpp */,
				748A94B22468C820001BB2B7 /* rapidxml.hpp */,
				748A94B32468C820001BB2B7 /* license.txt */,
				748A94B42468C820001BB2B7 /* manual.html */,
			);
			path = "rapidxml-1.13";
			sourceTree = "<group>";
		};
		74C230F0242760260041B1AC = {
			isa = PBXGroup;
			children = (
				74C2315524276D410041B1AC /* Magic */,
				74C230FB242760260041B1AC /* HelloTriangle */,
				74C230FA242760260041B1AC /* Products */,
				74C23130242769B50041B1AC /* Frameworks */,
			);
			sourceTree = "<group>";
		};
		74C230FA242760260041B1AC /* Products */ = {
			isa = PBXGroup;
			children = (
				74C230F9242760260041B1AC /* HelloTriangle.app */,
			);
			name = Products;
			sourceTree = "<group>";
		};
		74C230FB242760260041B1AC /* HelloTriangle */ = {
			isa = PBXGroup;
			children = (
				74C230FC242760260041B1AC /* AppDelegate.h */,
				74C230FD242760260041B1AC /* AppDelegate.mm */,
				74C23119242760CF0041B1AC /* SceneDelegate.h */,
				74C23118242760CF0041B1AC /* SceneDelegate.mm */,
				7485B4B62453EA7800FB9711 /* crate.tga */,
				74C231282427627C0041B1AC /* Hello_Triangle.cpp */,
				74C23102242760260041B1AC /* ViewController.h */,
				74C23103242760260041B1AC /* ViewController.mm */,
				74C23105242760260041B1AC /* Main.storyboard */,
				74C2310B2427602A0041B1AC /* Assets.xcassets */,
				74C2310D2427602A0041B1AC /* LaunchScreen.storyboard */,
				74C231102427602A0041B1AC /* Info.plist */,
				74C231112427602A0041B1AC /* main.m */,
				74C23108242760260041B1AC /* HelloTriangle.xcdatamodeld */,
				7485B4C42455D2F400FB9711 /* common.vert */,
				7485B4C62455D5F400FB9711 /* common.frag */,
				748A949D2460D942001BB2B7 /* HelloTriangle.cpp */,
				748A949E2460D942001BB2B7 /* HelloTriangle.h */,
				748A94A22460EA50001BB2B7 /* multTarget.frag */,
				748A94A42460EBFE001BB2B7 /* multTarget.vert */,
				748A94A62460EDEB001BB2B7 /* deferredShade.vert */,
				748A94A82460EE03001BB2B7 /* deferredShade.frag */,
				748A94C52468CBCF001BB2B7 /* cube.mesh.xml */,
				748A94C72468CBFA001BB2B7 /* triangle.mesh.xml */,
				748A94C92468CC26001BB2B7 /* common.mat.xml */,
				748A94CB2468CC4A001BB2B7 /* multtaregt.mat.xml */,
				748A94CD2468CC68001BB2B7 /* deferredshade.mat.xml */,
			);
			path = HelloTriangle;
			sourceTree = "<group>";
		};
		74C23130242769B50041B1AC /* Frameworks */ = {
			isa = PBXGroup;
			children = (
				7485B4BE24540A3D00FB9711 /* CoreGraphics.framework */,
				7485B4BC24540A3400FB9711 /* UIKit.framework */,
				7485B4BA245409D600FB9711 /* Foundation.framework */,
				7485B4B8245409CC00FB9711 /* OpenGLES.framework */,
				74C2318D242772F10041B1AC /* GLKit.framework */,
				74C2318B242772E30041B1AC /* CoreMotion.framework */,
			);
			name = Frameworks;
			sourceTree = "<group>";
		};
		74C2315524276D410041B1AC /* Magic */ = {
			isa = PBXGroup;
			children = (
				748A94AD2468C820001BB2B7 /* dependencies */,
				742A7EBD2434247C00D45F20 /* common */,
				742A7E712434246600D45F20 /* source */,
				742A7E522434245A00D45F20 /* include */,
			);
			path = Magic;
			sourceTree = "<group>";
		};
/* End PBXGroup section */

/* Begin PBXNativeTarget section */
		74C230F8242760260041B1AC /* HelloTriangle */ = {
			isa = PBXNativeTarget;
			buildConfigurationList = 74C231152427602A0041B1AC /* Build configuration list for PBXNativeTarget "HelloTriangle" */;
			buildPhases = (
				74C230F5242760260041B1AC /* Sources */,
				74C230F6242760260041B1AC /* Frameworks */,
				74C230F7242760260041B1AC /* Resources */,
			);
			buildRules = (
			);
			dependencies = (
			);
			name = HelloTriangle;
			productName = HelloTriangle;
			productReference = 74C230F9242760260041B1AC /* HelloTriangle.app */;
			productType = "com.apple.product-type.application";
		};
/* End PBXNativeTarget section */

/* Begin PBXProject section */
		74C230F1242760260041B1AC /* Project object */ = {
			isa = PBXProject;
			attributes = {
				LastUpgradeCheck = 1130;
				ORGANIZATIONNAME = xyj;
				TargetAttributes = {
					74C230F8242760260041B1AC = {
						CreatedOnToolsVersion = 11.3.1;
					};
				};
			};
			buildConfigurationList = 74C230F4242760260041B1AC /* Build configuration list for PBXProject "HelloTriangle" */;
			compatibilityVersion = "Xcode 9.3";
			developmentRegion = en;
			hasScannedForEncodings = 0;
			knownRegions = (
				en,
				Base,
			);
			mainGroup = 74C230F0242760260041B1AC;
			productRefGroup = 74C230FA242760260041B1AC /* Products */;
			projectDirPath = "";
			projectRoot = "";
			targets = (
				74C230F8242760260041B1AC /* HelloTriangle */,
			);
		};
/* End PBXProject section */

/* Begin PBXResourcesBuildPhase section */
		74C230F7242760260041B1AC /* Resources */ = {
			isa = PBXResourcesBuildPhase;
			buildActionMask = 2147483647;
			files = (
				74C2310F2427602A0041B1AC /* LaunchScreen.storyboard in Resources */,
				7485B4B72453EA7800FB9711 /* crate.tga in Resources */,
				748A94C32468C820001BB2B7 /* license.txt in Resources */,
				748A94A92460EE03001BB2B7 /* deferredShade.frag in Resources */,
				748A94CA2468CC26001BB2B7 /* common.mat.xml in Resources */,
				74C2310C2427602A0041B1AC /* Assets.xcassets in Resources */,
				748A94C82468CBFA001BB2B7 /* triangle.mesh.xml in Resources */,
				74C23107242760260041B1AC /* Main.storyboard in Resources */,
				748A94CE2468CC68001BB2B7 /* deferredshade.mat.xml in Resources */,
				7485B4C72455D5F400FB9711 /* common.frag in Resources */,
				748A94A32460EA50001BB2B7 /* multTarget.frag in Resources */,
				748A94CC2468CC4A001BB2B7 /* multtaregt.mat.xml in Resources */,
				748A94C42468C820001BB2B7 /* manual.html in Resources */,
				748A94A72460EDEB001BB2B7 /* deferredShade.vert in Resources */,
				7485B4C52455D2F400FB9711 /* common.vert in Resources */,
				748A94A52460EBFE001BB2B7 /* multTarget.vert in Resources */,
				748A94C62468CBCF001BB2B7 /* cube.mesh.xml in Resources */,
			);
			runOnlyForDeploymentPostprocessing = 0;
		};
/* End PBXResourcesBuildPhase section */

/* Begin PBXSourcesBuildPhase section */
		74C230F5242760260041B1AC /* Sources */ = {
			isa = PBXSourcesBuildPhase;
			buildActionMask = 2147483647;
			files = (
				742A7EA82434246600D45F20 /* magic.cpp in Sources */,
				742A7EAC2434246600D45F20 /* CGLES3Renderer.cpp in Sources */,
				742A7EB92434246600D45F20 /* CScene.cpp in Sources */,
				742A7EB62434246600D45F20 /* CMeshRendererComponent.cpp in Sources */,
				7485B4A7245260C700FB9711 /* CTime.cpp in Sources */,
				742A7EAD2434246600D45F20 /* CGLES3ShaderProgram.cpp in Sources */,
				74DECBD5244689C90069223C /* CIndexBufferObject.cpp in Sources */,
				74DECBC5243E97DA0069223C /* CGLES3RenderTarget.cpp in Sources */,
				742A7EB82434246600D45F20 /* CApplication.cpp in Sources */,
				7485B4AB2453E1DA00FB9711 /* CResourceManager.cpp in Sources */,
				74DECBCC243EA02A0069223C /* CTGAImage.cpp in Sources */,
				742A7EB72434246600D45F20 /* CComponent.cpp in Sources */,
				742A7ED82434404300D45F20 /* CMesh.cpp in Sources */,
				74C231122427602A0041B1AC /* main.m in Sources */,
				742A7EB22434246600D45F20 /* CRenderInput.cpp in Sources */,
				742A7EBB2434246600D45F20 /* CSceneNode.cpp in Sources */,
				742A7EB52434246600D45F20 /* CCameraComponent.cpp in Sources */,
				742A7EBC2434246600D45F20 /* CGameObject.cpp in Sources */,
				74C2310A242760260041B1AC /* HelloTriangle.xcdatamodeld in Sources */,
				74DECBBF243D4FC30069223C /* CGLES3VertexBufferObject.cpp in Sources */,
				742A7EA62434246600D45F20 /* CMagic.cpp in Sources */,
				74DECBD8244689E00069223C /* CVertexArrayObject.cpp in Sources */,
				742A7EDC2434406C00D45F20 /* CShader.cpp in Sources */,
				74C231292427627C0041B1AC /* Hello_Triangle.cpp in Sources */,
				742A7EB42434246600D45F20 /* CRenderPass.cpp in Sources */,
				74C2311A242760CF0041B1AC /* SceneDelegate.mm in Sources */,
				742A7EB32434246600D45F20 /* CRenderer.cpp in Sources */,
				74DECBC2243D4FE30069223C /* CGLES3IndexBufferObject.cpp in Sources */,
				742A7EE2243ACA2800D45F20 /* CShaderProgram.cpp in Sources */,
				74DECBD2244689AF0069223C /* CVertexBufferObject.cpp in Sources */,
				742A7EBA2434246600D45F20 /* CSceneManager.cpp in Sources */,
				74C23104242760260041B1AC /* ViewController.mm in Sources */,
				742A7EDF2439E71900D45F20 /* CMaterialInstance.cpp in Sources */,
				74DECBC8243E98990069223C /* CGLES3Texture.cpp in Sources */,
				74DECBBC243D4F8F0069223C /* CGLES3VertexArrayObject.cpp in Sources */,
				7485B4A4244E6FD300FB9711 /* CRenderQueue.cpp in Sources */,
				748A949F2460D942001BB2B7 /* HelloTriangle.cpp in Sources */,
				7485B4C224540D6300FB9711 /* FileWrapper.mm in Sources */,
				742A7EDA2434405700D45F20 /* CMaterial.cpp in Sources */,
				74C230FE242760260041B1AC /* AppDelegate.mm in Sources */,
			);
			runOnlyForDeploymentPostprocessing = 0;
		};
/* End PBXSourcesBuildPhase section */

/* Begin PBXVariantGroup section */
		74C23105242760260041B1AC /* Main.storyboard */ = {
			isa = PBXVariantGroup;
			children = (
				74C23106242760260041B1AC /* Base */,
			);
			name = Main.storyboard;
			sourceTree = "<group>";
		};
		74C2310D2427602A0041B1AC /* LaunchScreen.storyboard */ = {
			isa = PBXVariantGroup;
			children = (
				74C2310E2427602A0041B1AC /* Base */,
			);
			name = LaunchScreen.storyboard;
			sourceTree = "<group>";
		};
/* End PBXVariantGroup section */

/* Begin XCBuildConfiguration section */
		74C231132427602A0041B1AC /* Debug */ = {
			isa = XCBuildConfiguration;
			buildSettings = {
				ALWAYS_SEARCH_USER_PATHS = NO;
				CLANG_ANALYZER_NONNULL = YES;
				CLANG_ANALYZER_NUMBER_OBJECT_CONVERSION = YES_AGGRESSIVE;
				CLANG_CXX_LANGUAGE_STANDARD = "gnu++14";
				CLANG_CXX_LIBRARY = "libc++";
				CLANG_ENABLE_MODULES = YES;
				CLANG_ENABLE_OBJC_ARC = YES;
				CLANG_ENABLE_OBJC_WEAK = YES;
				CLANG_WARN_BLOCK_CAPTURE_AUTORELEASING = YES;
				CLANG_WARN_BOOL_CONVERSION = YES;
				CLANG_WARN_COMMA = YES;
				CLANG_WARN_CONSTANT_CONVERSION = YES;
				CLANG_WARN_DEPRECATED_OBJC_IMPLEMENTATIONS = YES;
				CLANG_WARN_DIRECT_OBJC_ISA_USAGE = YES_ERROR;
				CLANG_WARN_DOCUMENTATION_COMMENTS = YES;
				CLANG_WARN_EMPTY_BODY = YES;
				CLANG_WARN_ENUM_CONVERSION = YES;
				CLANG_WARN_INFINITE_RECURSION = YES;
				CLANG_WARN_INT_CONVERSION = YES;
				CLANG_WARN_NON_LITERAL_NULL_CONVERSION = YES;
				CLANG_WARN_OBJC_IMPLICIT_RETAIN_SELF = YES;
				CLANG_WARN_OBJC_LITERAL_CONVERSION = YES;
				CLANG_WARN_OBJC_ROOT_CLASS = YES_ERROR;
				CLANG_WARN_RANGE_LOOP_ANALYSIS = YES;
				CLANG_WARN_STRICT_PROTOTYPES = YES;
				CLANG_WARN_SUSPICIOUS_MOVE = YES;
				CLANG_WARN_UNGUARDED_AVAILABILITY = YES_AGGRESSIVE;
				CLANG_WARN_UNREACHABLE_CODE = YES;
				CLANG_WARN__DUPLICATE_METHOD_MATCH = YES;
				COPY_PHASE_STRIP = NO;
				DEBUG_INFORMATION_FORMAT = dwarf;
				ENABLE_STRICT_OBJC_MSGSEND = YES;
				ENABLE_TESTABILITY = YES;
				GCC_C_LANGUAGE_STANDARD = gnu11;
				GCC_DYNAMIC_NO_PIC = NO;
				GCC_NO_COMMON_BLOCKS = YES;
				GCC_OPTIMIZATION_LEVEL = 0;
				GCC_PREPROCESSOR_DEFINITIONS = (
					"DEBUG=1",
					"$(inherited)",
				);
				GCC_WARN_64_TO_32_BIT_CONVERSION = YES;
				GCC_WARN_ABOUT_RETURN_TYPE = YES_ERROR;
				GCC_WARN_UNDECLARED_SELECTOR = YES;
				GCC_WARN_UNINITIALIZED_AUTOS = YES_AGGRESSIVE;
				GCC_WARN_UNUSED_FUNCTION = YES;
				GCC_WARN_UNUSED_VARIABLE = YES;
				IPHONEOS_DEPLOYMENT_TARGET = 13.2;
				MTL_ENABLE_DEBUG_INFO = INCLUDE_SOURCE;
				MTL_FAST_MATH = YES;
				ONLY_ACTIVE_ARCH = YES;
				SDKROOT = iphoneos;
			};
			name = Debug;
		};
		74C231142427602A0041B1AC /* Release */ = {
			isa = XCBuildConfiguration;
			buildSettings = {
				ALWAYS_SEARCH_USER_PATHS = NO;
				CLANG_ANALYZER_NONNULL = YES;
				CLANG_ANALYZER_NUMBER_OBJECT_CONVERSION = YES_AGGRESSIVE;
				CLANG_CXX_LANGUAGE_STANDARD = "gnu++14";
				CLANG_CXX_LIBRARY = "libc++";
				CLANG_ENABLE_MODULES = YES;
				CLANG_ENABLE_OBJC_ARC = YES;
				CLANG_ENABLE_OBJC_WEAK = YES;
				CLANG_WARN_BLOCK_CAPTURE_AUTORELEASING = YES;
				CLANG_WARN_BOOL_CONVERSION = YES;
				CLANG_WARN_COMMA = YES;
				CLANG_WARN_CONSTANT_CONVERSION = YES;
				CLANG_WARN_DEPRECATED_OBJC_IMPLEMENTATIONS = YES;
				CLANG_WARN_DIRECT_OBJC_ISA_USAGE = YES_ERROR;
				CLANG_WARN_DOCUMENTATION_COMMENTS = YES;
				CLANG_WARN_EMPTY_BODY = YES;
				CLANG_WARN_ENUM_CONVERSION = YES;
				CLANG_WARN_INFINITE_RECURSION = YES;
				CLANG_WARN_INT_CONVERSION = YES;
				CLANG_WARN_NON_LITERAL_NULL_CONVERSION = YES;
				CLANG_WARN_OBJC_IMPLICIT_RETAIN_SELF = YES;
				CLANG_WARN_OBJC_LITERAL_CONVERSION = YES;
				CLANG_WARN_OBJC_ROOT_CLASS = YES_ERROR;
				CLANG_WARN_RANGE_LOOP_ANALYSIS = YES;
				CLANG_WARN_STRICT_PROTOTYPES = YES;
				CLANG_WARN_SUSPICIOUS_MOVE = YES;
				CLANG_WARN_UNGUARDED_AVAILABILITY = YES_AGGRESSIVE;
				CLANG_WARN_UNREACHABLE_CODE = YES;
				CLANG_WARN__DUPLICATE_METHOD_MATCH = YES;
				COPY_PHASE_STRIP = NO;
				DEBUG_INFORMATION_FORMAT = "dwarf-with-dsym";
				ENABLE_NS_ASSERTIONS = NO;
				ENABLE_STRICT_OBJC_MSGSEND = YES;
				GCC_C_LANGUAGE_STANDARD = gnu11;
				GCC_NO_COMMON_BLOCKS = YES;
				GCC_WARN_64_TO_32_BIT_CONVERSION = YES;
				GCC_WARN_ABOUT_RETURN_TYPE = YES_ERROR;
				GCC_WARN_UNDECLARED_SELECTOR = YES;
				GCC_WARN_UNINITIALIZED_AUTOS = YES_AGGRESSIVE;
				GCC_WARN_UNUSED_FUNCTION = YES;
				GCC_WARN_UNUSED_VARIABLE = YES;
				IPHONEOS_DEPLOYMENT_TARGET = 13.2;
				MTL_ENABLE_DEBUG_INFO = NO;
				MTL_FAST_MATH = YES;
				SDKROOT = iphoneos;
				VALIDATE_PRODUCT = YES;
			};
			name = Release;
		};
		74C231162427602A0041B1AC /* Debug */ = {
			isa = XCBuildConfiguration;
			buildSettings = {
				ASSETCATALOG_COMPILER_APPICON_NAME = AppIcon;
				CODE_SIGN_STYLE = Automatic;
				DEVELOPMENT_TEAM = 58DXM3G7FU;
				GCC_INPUT_FILETYPE = automatic;
				INFOPLIST_FILE = HelloTriangle/Info.plist;
				LD_RUNPATH_SEARCH_PATHS = (
					"$(inherited)",
					"@executable_path/Frameworks",
				);
				LIBRARY_SEARCH_PATHS = ../../build/bin;
				PRODUCT_BUNDLE_IDENTIFIER = xuyajie.HelloTriangle;
				PRODUCT_NAME = "$(TARGET_NAME)";
				TARGETED_DEVICE_FAMILY = "1,2";
				USER_HEADER_SEARCH_PATHS = (
					../../include,
					../../common,
				);
			};
			name = Debug;
		};
		74C231172427602A0041B1AC /* Release */ = {
			isa = XCBuildConfiguration;
			buildSettings = {
				ASSETCATALOG_COMPILER_APPICON_NAME = AppIcon;
				CODE_SIGN_STYLE = Automatic;
				DEVELOPMENT_TEAM = 58DXM3G7FU;
				GCC_INPUT_FILETYPE = automatic;
				INFOPLIST_FILE = HelloTriangle/Info.plist;
				LD_RUNPATH_SEARCH_PATHS = (
					"$(inherited)",
					"@executable_path/Frameworks",
				);
				LIBRARY_SEARCH_PATHS = ../../build/bin;
				PRODUCT_BUNDLE_IDENTIFIER = xuyajie.HelloTriangle;
				PRODUCT_NAME = "$(TARGET_NAME)";
				TARGETED_DEVICE_FAMILY = "1,2";
				USER_HEADER_SEARCH_PATHS = (
					../../include,
					../../common,
				);
			};
			name = Release;
		};
/* End XCBuildConfiguration section */

/* Begin XCConfigurationList section */
		74C230F4242760260041B1AC /* Build configuration list for PBXProject "HelloTriangle" */ = {
			isa = XCConfigurationList;
			buildConfigurations = (
				74C231132427602A0041B1AC /* Debug */,
				74C231142427602A0041B1AC /* Release */,
			);
			defaultConfigurationIsVisible = 0;
			defaultConfigurationName = Release;
		};
		74C231152427602A0041B1AC /* Build configuration list for PBXNativeTarget "HelloTriangle" */ = {
			isa = XCConfigurationList;
			buildConfigurations = (
				74C231162427602A0041B1AC /* Debug */,
				74C231172427602A0041B1AC /* Release */,
			);
			defaultConfigurationIsVisible = 0;
			defaultConfigurationName = Release;
		};
/* End XCConfigurationList section */

/* Begin XCVersionGroup section */
		74C23108242760260041B1AC /* HelloTriangle.xcdatamodeld */ = {
			isa = XCVersionGroup;
			children = (
				74C23109242760260041B1AC /* HelloTriangle.xcdatamodel */,
			);
			currentVersion = 74C23109242760260041B1AC /* HelloTriangle.xcdatamodel */;
			path = HelloTriangle.xcdatamodeld;
			sourceTree = "<group>";
			versionGroupType = wrapper.xcdatamodel;
		};
/* End XCVersionGroup section */
	};
	rootObject = 74C230F1242760260041B1AC /* Project object */;
}
