// !$*UTF8*$!
{
	archiveVersion = 1;
	classes = {
	};
	objectVersion = 50;
	objects = {

/* Begin PBXBuildFile section */
		7485B4B9245409CC00FB9711 /* OpenGLES.framework in Frameworks */ = {isa = PBXBuildFile; fileRef = 7485B4B8245409CC00FB9711 /* OpenGLES.framework */; };
		7485B4BB245409D600FB9711 /* Foundation.framework in Frameworks */ = {isa = PBXBuildFile; fileRef = 7485B4BA245409D600FB9711 /* Foundation.framework */; };
		7485B4BD24540A3400FB9711 /* UIKit.framework in Frameworks */ = {isa = PBXBuildFile; fileRef = 7485B4BC24540A3400FB9711 /* UIKit.framework */; };
		7485B4BF24540A3D00FB9711 /* CoreGraphics.framework in Frameworks */ = {isa = PBXBuildFile; fileRef = 7485B4BE24540A3D00FB9711 /* CoreGraphics.framework */; };
		748A949F2460D942001BB2B7 /* HelloTriangle.cpp in Sources */ = {isa = PBXBuildFile; fileRef = 748A949D2460D942001BB2B7 /* HelloTriangle.cpp */; };
		748A954C246FA1DD001BB2B7 /* cube.mesh.xml in Resources */ = {isa = PBXBuildFile; fileRef = 748A953D246FA1DD001BB2B7 /* cube.mesh.xml */; };
		748A954D246FA1DD001BB2B7 /* triangle.mesh.xml in Resources */ = {isa = PBXBuildFile; fileRef = 748A953E246FA1DD001BB2B7 /* triangle.mesh.xml */; };
		748A954E246FA1DD001BB2B7 /* crate.tga in Resources */ = {isa = PBXBuildFile; fileRef = 748A9540246FA1DD001BB2B7 /* crate.tga */; };
		748A954F246FA1DD001BB2B7 /* multTarget.frag in Resources */ = {isa = PBXBuildFile; fileRef = 748A9542246FA1DD001BB2B7 /* multTarget.frag */; };
		748A9550246FA1DD001BB2B7 /* deferredShade.vert in Resources */ = {isa = PBXBuildFile; fileRef = 748A9543246FA1DD001BB2B7 /* deferredShade.vert */; };
		748A9551246FA1DD001BB2B7 /* common.frag in Resources */ = {isa = PBXBuildFile; fileRef = 748A9544246FA1DD001BB2B7 /* common.frag */; };
		748A9552246FA1DD001BB2B7 /* multTarget.vert in Resources */ = {isa = PBXBuildFile; fileRef = 748A9545246FA1DD001BB2B7 /* multTarget.vert */; };
		748A9553246FA1DD001BB2B7 /* common.vert in Resources */ = {isa = PBXBuildFile; fileRef = 748A9546246FA1DD001BB2B7 /* common.vert */; };
		748A9554246FA1DD001BB2B7 /* deferredShade.frag in Resources */ = {isa = PBXBuildFile; fileRef = 748A9547246FA1DD001BB2B7 /* deferredShade.frag */; };
		748A9555246FA1DD001BB2B7 /* deferredShade.mat.xml in Resources */ = {isa = PBXBuildFile; fileRef = 748A9549246FA1DD001BB2B7 /* deferredShade.mat.xml */; };
		748A9556246FA1DD001BB2B7 /* common.mat.xml in Resources */ = {isa = PBXBuildFile; fileRef = 748A954A246FA1DD001BB2B7 /* common.mat.xml */; };
		748A9557246FA1DD001BB2B7 /* multarget.mat.xml in Resources */ = {isa = PBXBuildFile; fileRef = 748A954B246FA1DD001BB2B7 /* multarget.mat.xml */; };
		748A95EE246FBD6E001BB2B7 /* triangle.model.xml in Resources */ = {isa = PBXBuildFile; fileRef = 748A95ED246FBD6E001BB2B7 /* triangle.model.xml */; };
		748A9749246FC720001BB2B7 /* license.txt in Resources */ = {isa = PBXBuildFile; fileRef = 748A96B4246FC720001BB2B7 /* license.txt */; };
		748A974A246FC720001BB2B7 /* manual.html in Resources */ = {isa = PBXBuildFile; fileRef = 748A96B5246FC720001BB2B7 /* manual.html */; };
		748A974B246FC720001BB2B7 /* CMagic.cpp in Sources */ = {isa = PBXBuildFile; fileRef = 748A96C7246FC720001BB2B7 /* CMagic.cpp */; };
		748A974C246FC720001BB2B7 /* magic.cpp in Sources */ = {isa = PBXBuildFile; fileRef = 748A96C8246FC720001BB2B7 /* magic.cpp */; };
		748A974D246FC720001BB2B7 /* CGLES3VertexBufferObject.cpp in Sources */ = {isa = PBXBuildFile; fileRef = 748A96CC246FC720001BB2B7 /* CGLES3VertexBufferObject.cpp */; };
		748A974E246FC720001BB2B7 /* CGLES3Renderer.cpp in Sources */ = {isa = PBXBuildFile; fileRef = 748A96CD246FC720001BB2B7 /* CGLES3Renderer.cpp */; };
		748A974F246FC720001BB2B7 /* CGLES3ShaderProgram.cpp in Sources */ = {isa = PBXBuildFile; fileRef = 748A96CE246FC720001BB2B7 /* CGLES3ShaderProgram.cpp */; };
		748A9750246FC720001BB2B7 /* CGLES3VertexArrayObject.cpp in Sources */ = {isa = PBXBuildFile; fileRef = 748A96D1246FC720001BB2B7 /* CGLES3VertexArrayObject.cpp */; };
		748A9751246FC720001BB2B7 /* CGLES3RenderTarget.cpp in Sources */ = {isa = PBXBuildFile; fileRef = 748A96D3246FC720001BB2B7 /* CGLES3RenderTarget.cpp */; };
		748A9752246FC720001BB2B7 /* CGLES3Texture.cpp in Sources */ = {isa = PBXBuildFile; fileRef = 748A96DA246FC720001BB2B7 /* CGLES3Texture.cpp */; };
		748A9753246FC721001BB2B7 /* CGLES3IndexBufferObject.cpp in Sources */ = {isa = PBXBuildFile; fileRef = 748A96DB246FC720001BB2B7 /* CGLES3IndexBufferObject.cpp */; };
		748A9754246FC721001BB2B7 /* CRenderInput.cpp in Sources */ = {isa = PBXBuildFile; fileRef = 748A96DE246FC720001BB2B7 /* CRenderInput.cpp */; };
		748A9755246FC721001BB2B7 /* CMaterialInstance.cpp in Sources */ = {isa = PBXBuildFile; fileRef = 748A96DF246FC720001BB2B7 /* CMaterialInstance.cpp */; };
		748A9756246FC721001BB2B7 /* CVertexArrayObject.cpp in Sources */ = {isa = PBXBuildFile; fileRef = 748A96E0246FC720001BB2B7 /* CVertexArrayObject.cpp */; };
		748A9757246FC721001BB2B7 /* CRenderer.cpp in Sources */ = {isa = PBXBuildFile; fileRef = 748A96E2246FC720001BB2B7 /* CRenderer.cpp */; };
		748A9758246FC721001BB2B7 /* CShaderProgram.cpp in Sources */ = {isa = PBXBuildFile; fileRef = 748A96E6246FC720001BB2B7 /* CShaderProgram.cpp */; };
		748A9759246FC721001BB2B7 /* CIndexBufferObject.cpp in Sources */ = {isa = PBXBuildFile; fileRef = 748A96E8246FC720001BB2B7 /* CIndexBufferObject.cpp */; };
		748A975A246FC721001BB2B7 /* CRenderPass.cpp in Sources */ = {isa = PBXBuildFile; fileRef = 748A96E9246FC720001BB2B7 /* CRenderPass.cpp */; };
		748A975B246FC721001BB2B7 /* CVertexBufferObject.cpp in Sources */ = {isa = PBXBuildFile; fileRef = 748A96EA246FC720001BB2B7 /* CVertexBufferObject.cpp */; };
		748A975C246FC721001BB2B7 /* CRenderQueue.cpp in Sources */ = {isa = PBXBuildFile; fileRef = 748A96EB246FC720001BB2B7 /* CRenderQueue.cpp */; };
		748A975D246FC721001BB2B7 /* CCameraComponent.cpp in Sources */ = {isa = PBXBuildFile; fileRef = 748A96ED246FC720001BB2B7 /* CCameraComponent.cpp */; };
		748A975E246FC721001BB2B7 /* CMeshRendererComponent.cpp in Sources */ = {isa = PBXBuildFile; fileRef = 748A96EE246FC720001BB2B7 /* CMeshRendererComponent.cpp */; };
		748A975F246FC721001BB2B7 /* CComponent.cpp in Sources */ = {isa = PBXBuildFile; fileRef = 748A96EF246FC720001BB2B7 /* CComponent.cpp */; };
		748A9760246FC721001BB2B7 /* CTime.cpp in Sources */ = {isa = PBXBuildFile; fileRef = 748A96F0246FC720001BB2B7 /* CTime.cpp */; };
		748A9761246FC721001BB2B7 /* CApplication.cpp in Sources */ = {isa = PBXBuildFile; fileRef = 748A96F2246FC720001BB2B7 /* CApplication.cpp */; };
		748A9762246FC721001BB2B7 /* CScene.cpp in Sources */ = {isa = PBXBuildFile; fileRef = 748A96F5246FC720001BB2B7 /* CScene.cpp */; };
		748A9763246FC721001BB2B7 /* CSceneManager.cpp in Sources */ = {isa = PBXBuildFile; fileRef = 748A96F8246FC720001BB2B7 /* CSceneManager.cpp */; };
		748A9764246FC721001BB2B7 /* CSceneNode.cpp in Sources */ = {isa = PBXBuildFile; fileRef = 748A96F9246FC720001BB2B7 /* CSceneNode.cpp */; };
		748A9765246FC721001BB2B7 /* CGameObject.cpp in Sources */ = {isa = PBXBuildFile; fileRef = 748A96FA246FC720001BB2B7 /* CGameObject.cpp */; };
		748A9766246FC721001BB2B7 /* CShader.cpp in Sources */ = {isa = PBXBuildFile; fileRef = 748A96FC246FC720001BB2B7 /* CShader.cpp */; };
		748A9767246FC721001BB2B7 /* CResourceManager.cpp in Sources */ = {isa = PBXBuildFile; fileRef = 748A96FE246FC720001BB2B7 /* CResourceManager.cpp */; };
		748A9768246FC721001BB2B7 /* CMaterial.cpp in Sources */ = {isa = PBXBuildFile; fileRef = 748A96FF246FC720001BB2B7 /* CMaterial.cpp */; };
		748A9769246FC721001BB2B7 /* CTGAImage.cpp in Sources */ = {isa = PBXBuildFile; fileRef = 748A9700246FC720001BB2B7 /* CTGAImage.cpp */; };
		748A976A246FC721001BB2B7 /* FileWrapper.mm in Sources */ = {isa = PBXBuildFile; fileRef = 748A9702246FC720001BB2B7 /* FileWrapper.mm */; };
		748A976B246FC721001BB2B7 /* CMesh.cpp in Sources */ = {isa = PBXBuildFile; fileRef = 748A9703246FC720001BB2B7 /* CMesh.cpp */; };
		748A9891246FC8AF001BB2B7 /* CModel.cpp in Sources */ = {isa = PBXBuildFile; fileRef = 748A9890246FC8AF001BB2B7 /* CModel.cpp */; };
		74C230FE242760260041B1AC /* AppDelegate.mm in Sources */ = {isa = PBXBuildFile; fileRef = 74C230FD242760260041B1AC /* AppDelegate.mm */; };
		74C23104242760260041B1AC /* ViewController.mm in Sources */ = {isa = PBXBuildFile; fileRef = 74C23103242760260041B1AC /* ViewController.mm */; };
		74C23107242760260041B1AC /* Main.storyboard in Resources */ = {isa = PBXBuildFile; fileRef = 74C23105242760260041B1AC /* Main.storyboard */; };
		74C2310A242760260041B1AC /* HelloTriangle.xcdatamodeld in Sources */ = {isa = PBXBuildFile; fileRef = 74C23108242760260041B1AC /* HelloTriangle.xcdatamodeld */; };
		74C2310C2427602A0041B1AC /* Assets.xcassets in Resources */ = {isa = PBXBuildFile; fileRef = 74C2310B2427602A0041B1AC /* Assets.xcassets */; };
		74C2310F2427602A0041B1AC /* LaunchScreen.storyboard in Resources */ = {isa = PBXBuildFile; fileRef = 74C2310D2427602A0041B1AC /* LaunchScreen.storyboard */; };
		74C231122427602A0041B1AC /* main.m in Sources */ = {isa = PBXBuildFile; fileRef = 74C231112427602A0041B1AC /* main.m */; };
		74C2311A242760CF0041B1AC /* SceneDelegate.mm in Sources */ = {isa = PBXBuildFile; fileRef = 74C23118242760CF0041B1AC /* SceneDelegate.mm */; };
		74C2318E242772F10041B1AC /* GLKit.framework in Frameworks */ = {isa = PBXBuildFile; fileRef = 74C2318D242772F10041B1AC /* GLKit.framework */; };
/* End PBXBuildFile section */

/* Begin PBXFileReference section */
		7485B4B8245409CC00FB9711 /* OpenGLES.framework */ = {isa = PBXFileReference; lastKnownFileType = wrapper.framework; name = OpenGLES.framework; path = System/Library/Frameworks/OpenGLES.framework; sourceTree = SDKROOT; };
		7485B4BA245409D600FB9711 /* Foundation.framework */ = {isa = PBXFileReference; lastKnownFileType = wrapper.framework; name = Foundation.framework; path = System/Library/Frameworks/Foundation.framework; sourceTree = SDKROOT; };
		7485B4BC24540A3400FB9711 /* UIKit.framework */ = {isa = PBXFileReference; lastKnownFileType = wrapper.framework; name = UIKit.framework; path = System/Library/Frameworks/UIKit.framework; sourceTree = SDKROOT; };
		7485B4BE24540A3D00FB9711 /* CoreGraphics.framework */ = {isa = PBXFileReference; lastKnownFileType = wrapper.framework; name = CoreGraphics.framework; path = System/Library/Frameworks/CoreGraphics.framework; sourceTree = SDKROOT; };
		748A949D2460D942001BB2B7 /* HelloTriangle.cpp */ = {isa = PBXFileReference; lastKnownFileType = sourcecode.cpp.cpp; path = HelloTriangle.cpp; sourceTree = "<group>"; };
		748A949E2460D942001BB2B7 /* HelloTriangle.h */ = {isa = PBXFileReference; lastKnownFileType = sourcecode.c.h; path = HelloTriangle.h; sourceTree = "<group>"; };
		748A953D246FA1DD001BB2B7 /* cube.mesh.xml */ = {isa = PBXFileReference; fileEncoding = 4; lastKnownFileType = text.xml; path = cube.mesh.xml; sourceTree = "<group>"; };
		748A953E246FA1DD001BB2B7 /* triangle.mesh.xml */ = {isa = PBXFileReference; fileEncoding = 4; lastKnownFileType = text.xml; path = triangle.mesh.xml; sourceTree = "<group>"; };
		748A9540246FA1DD001BB2B7 /* crate.tga */ = {isa = PBXFileReference; lastKnownFileType = file; path = crate.tga; sourceTree = "<group>"; };
		748A9542246FA1DD001BB2B7 /* multTarget.frag */ = {isa = PBXFileReference; fileEncoding = 4; lastKnownFileType = sourcecode.glsl; path = multTarget.frag; sourceTree = "<group>"; };
		748A9543246FA1DD001BB2B7 /* deferredShade.vert */ = {isa = PBXFileReference; fileEncoding = 4; lastKnownFileType = sourcecode.glsl; path = deferredShade.vert; sourceTree = "<group>"; };
		748A9544246FA1DD001BB2B7 /* common.frag */ = {isa = PBXFileReference; fileEncoding = 4; lastKnownFileType = sourcecode.glsl; path = common.frag; sourceTree = "<group>"; };
		748A9545246FA1DD001BB2B7 /* multTarget.vert */ = {isa = PBXFileReference; fileEncoding = 4; lastKnownFileType = sourcecode.glsl; path = multTarget.vert; sourceTree = "<group>"; };
		748A9546246FA1DD001BB2B7 /* common.vert */ = {isa = PBXFileReference; fileEncoding = 4; lastKnownFileType = sourcecode.glsl; path = common.vert; sourceTree = "<group>"; };
		748A9547246FA1DD001BB2B7 /* deferredShade.frag */ = {isa = PBXFileReference; fileEncoding = 4; lastKnownFileType = sourcecode.glsl; path = deferredShade.frag; sourceTree = "<group>"; };
		748A9549246FA1DD001BB2B7 /* deferredShade.mat.xml */ = {isa = PBXFileReference; fileEncoding = 4; lastKnownFileType = text.xml; path = deferredShade.mat.xml; sourceTree = "<group>"; };
		748A954A246FA1DD001BB2B7 /* common.mat.xml */ = {isa = PBXFileReference; fileEncoding = 4; lastKnownFileType = text.xml; path = common.mat.xml; sourceTree = "<group>"; };
		748A954B246FA1DD001BB2B7 /* multarget.mat.xml */ = {isa = PBXFileReference; fileEncoding = 4; lastKnownFileType = text.xml; path = multarget.mat.xml; sourceTree = "<group>"; };
		748A95ED246FBD6E001BB2B7 /* triangle.model.xml */ = {isa = PBXFileReference; lastKnownFileType = text.xml; name = triangle.model.xml; path = ../mesh/triangle.model.xml; sourceTree = "<group>"; };
		748A96B0246FC720001BB2B7 /* rapidxml_iterators.hpp */ = {isa = PBXFileReference; fileEncoding = 4; lastKnownFileType = sourcecode.cpp.h; path = rapidxml_iterators.hpp; sourceTree = "<group>"; };
		748A96B1246FC720001BB2B7 /* rapidxml_print.hpp */ = {isa = PBXFileReference; fileEncoding = 4; lastKnownFileType = sourcecode.cpp.h; path = rapidxml_print.hpp; sourceTree = "<group>"; };
		748A96B2246FC720001BB2B7 /* rapidxml_utils.hpp */ = {isa = PBXFileReference; fileEncoding = 4; lastKnownFileType = sourcecode.cpp.h; path = rapidxml_utils.hpp; sourceTree = "<group>"; };
		748A96B3246FC720001BB2B7 /* rapidxml.hpp */ = {isa = PBXFileReference; fileEncoding = 4; lastKnownFileType = sourcecode.cpp.h; path = rapidxml.hpp; sourceTree = "<group>"; };
		748A96B4246FC720001BB2B7 /* license.txt */ = {isa = PBXFileReference; fileEncoding = 4; lastKnownFileType = text; path = license.txt; sourceTree = "<group>"; };
		748A96B5246FC720001BB2B7 /* manual.html */ = {isa = PBXFileReference; fileEncoding = 4; lastKnownFileType = text.html; path = manual.html; sourceTree = "<group>"; };
		748A96B8246FC720001BB2B7 /* gl3.h */ = {isa = PBXFileReference; fileEncoding = 4; lastKnownFileType = sourcecode.c.h; path = gl3.h; sourceTree = "<group>"; };
		748A96B9246FC720001BB2B7 /* gl32.h */ = {isa = PBXFileReference; fileEncoding = 4; lastKnownFileType = sourcecode.c.h; path = gl32.h; sourceTree = "<group>"; };
		748A96BA246FC720001BB2B7 /* gl3platform.h */ = {isa = PBXFileReference; fileEncoding = 4; lastKnownFileType = sourcecode.c.h; path = gl3platform.h; sourceTree = "<group>"; };
		748A96BB246FC720001BB2B7 /* gl31.h */ = {isa = PBXFileReference; fileEncoding = 4; lastKnownFileType = sourcecode.c.h; path = gl31.h; sourceTree = "<group>"; };
		748A96BD246FC720001BB2B7 /* gl2ext.h */ = {isa = PBXFileReference; fileEncoding = 4; lastKnownFileType = sourcecode.c.h; path = gl2ext.h; sourceTree = "<group>"; };
		748A96BE246FC720001BB2B7 /* gl2.h */ = {isa = PBXFileReference; fileEncoding = 4; lastKnownFileType = sourcecode.c.h; path = gl2.h; sourceTree = "<group>"; };
		748A96BF246FC720001BB2B7 /* gl2platform.h */ = {isa = PBXFileReference; fileEncoding = 4; lastKnownFileType = sourcecode.c.h; path = gl2platform.h; sourceTree = "<group>"; };
		748A96C1246FC720001BB2B7 /* khrplatform.h */ = {isa = PBXFileReference; fileEncoding = 4; lastKnownFileType = sourcecode.c.h; path = khrplatform.h; sourceTree = "<group>"; };
		748A96C3246FC720001BB2B7 /* egl.h */ = {isa = PBXFileReference; fileEncoding = 4; lastKnownFileType = sourcecode.c.h; path = egl.h; sourceTree = "<group>"; };
		748A96C4246FC720001BB2B7 /* eglext.h */ = {isa = PBXFileReference; fileEncoding = 4; lastKnownFileType = sourcecode.c.h; path = eglext.h; sourceTree = "<group>"; };
		748A96C5246FC720001BB2B7 /* eglplatform.h */ = {isa = PBXFileReference; fileEncoding = 4; lastKnownFileType = sourcecode.c.h; path = eglplatform.h; sourceTree = "<group>"; };
		748A96C7246FC720001BB2B7 /* CMagic.cpp */ = {isa = PBXFileReference; fileEncoding = 4; lastKnownFileType = sourcecode.cpp.cpp; path = CMagic.cpp; sourceTree = "<group>"; };
		748A96C8246FC720001BB2B7 /* magic.cpp */ = {isa = PBXFileReference; fileEncoding = 4; lastKnownFileType = sourcecode.cpp.cpp; path = magic.cpp; sourceTree = "<group>"; };
		748A96C9246FC720001BB2B7 /* CApplication.h */ = {isa = PBXFileReference; fileEncoding = 4; lastKnownFileType = sourcecode.c.h; path = CApplication.h; sourceTree = "<group>"; };
		748A96CC246FC720001BB2B7 /* CGLES3VertexBufferObject.cpp */ = {isa = PBXFileReference; fileEncoding = 4; lastKnownFileType = sourcecode.cpp.cpp; path = CGLES3VertexBufferObject.cpp; sourceTree = "<group>"; };
		748A96CD246FC720001BB2B7 /* CGLES3Renderer.cpp */ = {isa = PBXFileReference; fileEncoding = 4; lastKnownFileType = sourcecode.cpp.cpp; path = CGLES3Renderer.cpp; sourceTree = "<group>"; };
		748A96CE246FC720001BB2B7 /* CGLES3ShaderProgram.cpp */ = {isa = PBXFileReference; fileEncoding = 4; lastKnownFileType = sourcecode.cpp.cpp; path = CGLES3ShaderProgram.cpp; sourceTree = "<group>"; };
		748A96CF246FC720001BB2B7 /* CGLES3Renderer.h */ = {isa = PBXFileReference; fileEncoding = 4; lastKnownFileType = sourcecode.c.h; path = CGLES3Renderer.h; sourceTree = "<group>"; };
		748A96D0246FC720001BB2B7 /* GLESType.h */ = {isa = PBXFileReference; fileEncoding = 4; lastKnownFileType = sourcecode.c.h; path = GLESType.h; sourceTree = "<group>"; };
		748A96D1246FC720001BB2B7 /* CGLES3VertexArrayObject.cpp */ = {isa = PBXFileReference; fileEncoding = 4; lastKnownFileType = sourcecode.cpp.cpp; path = CGLES3VertexArrayObject.cpp; sourceTree = "<group>"; };
		748A96D2246FC720001BB2B7 /* GLESDebug.h */ = {isa = PBXFileReference; fileEncoding = 4; lastKnownFileType = sourcecode.c.h; path = GLESDebug.h; sourceTree = "<group>"; };
		748A96D3246FC720001BB2B7 /* CGLES3RenderTarget.cpp */ = {isa = PBXFileReference; fileEncoding = 4; lastKnownFileType = sourcecode.cpp.cpp; path = CGLES3RenderTarget.cpp; sourceTree = "<group>"; };
		748A96D4246FC720001BB2B7 /* CGLES3ShaderProgram.h */ = {isa = PBXFileReference; fileEncoding = 4; lastKnownFileType = sourcecode.c.h; path = CGLES3ShaderProgram.h; sourceTree = "<group>"; };
		748A96D5246FC720001BB2B7 /* CGLES3VertexArrayObject.h */ = {isa = PBXFileReference; fileEncoding = 4; lastKnownFileType = sourcecode.c.h; path = CGLES3VertexArrayObject.h; sourceTree = "<group>"; };
		748A96D6246FC720001BB2B7 /* CGLES3IndexBufferObject.h */ = {isa = PBXFileReference; fileEncoding = 4; lastKnownFileType = sourcecode.c.h; path = CGLES3IndexBufferObject.h; sourceTree = "<group>"; };
		748A96D7246FC720001BB2B7 /* CGLES3VertexBufferObject.h */ = {isa = PBXFileReference; fileEncoding = 4; lastKnownFileType = sourcecode.c.h; path = CGLES3VertexBufferObject.h; sourceTree = "<group>"; };
		748A96D8246FC720001BB2B7 /* CGLES3Texture.h */ = {isa = PBXFileReference; fileEncoding = 4; lastKnownFileType = sourcecode.c.h; path = CGLES3Texture.h; sourceTree = "<group>"; };
		748A96D9246FC720001BB2B7 /* CGLES3RenderTarget.h */ = {isa = PBXFileReference; fileEncoding = 4; lastKnownFileType = sourcecode.c.h; path = CGLES3RenderTarget.h; sourceTree = "<group>"; };
		748A96DA246FC720001BB2B7 /* CGLES3Texture.cpp */ = {isa = PBXFileReference; fileEncoding = 4; lastKnownFileType = sourcecode.cpp.cpp; path = CGLES3Texture.cpp; sourceTree = "<group>"; };
		748A96DB246FC720001BB2B7 /* CGLES3IndexBufferObject.cpp */ = {isa = PBXFileReference; fileEncoding = 4; lastKnownFileType = sourcecode.cpp.cpp; path = CGLES3IndexBufferObject.cpp; sourceTree = "<group>"; };
		748A96DC246FC720001BB2B7 /* CRenderer.h */ = {isa = PBXFileReference; fileEncoding = 4; lastKnownFileType = sourcecode.c.h; path = CRenderer.h; sourceTree = "<group>"; };
		748A96DD246FC720001BB2B7 /* CShaderProgram.h */ = {isa = PBXFileReference; fileEncoding = 4; lastKnownFileType = sourcecode.c.h; path = CShaderProgram.h; sourceTree = "<group>"; };
		748A96DE246FC720001BB2B7 /* CRenderInput.cpp */ = {isa = PBXFileReference; fileEncoding = 4; lastKnownFileType = sourcecode.cpp.cpp; path = CRenderInput.cpp; sourceTree = "<group>"; };
		748A96DF246FC720001BB2B7 /* CMaterialInstance.cpp */ = {isa = PBXFileReference; fileEncoding = 4; lastKnownFileType = sourcecode.cpp.cpp; path = CMaterialInstance.cpp; sourceTree = "<group>"; };
		748A96E0246FC720001BB2B7 /* CVertexArrayObject.cpp */ = {isa = PBXFileReference; fileEncoding = 4; lastKnownFileType = sourcecode.cpp.cpp; path = CVertexArrayObject.cpp; sourceTree = "<group>"; };
		748A96E1246FC720001BB2B7 /* CRenderQueue.h */ = {isa = PBXFileReference; fileEncoding = 4; lastKnownFileType = sourcecode.c.h; path = CRenderQueue.h; sourceTree = "<group>"; };
		748A96E2246FC720001BB2B7 /* CRenderer.cpp */ = {isa = PBXFileReference; fileEncoding = 4; lastKnownFileType = sourcecode.cpp.cpp; path = CRenderer.cpp; sourceTree = "<group>"; };
		748A96E3246FC720001BB2B7 /* CVertexBufferObject.h */ = {isa = PBXFileReference; fileEncoding = 4; lastKnownFileType = sourcecode.c.h; path = CVertexBufferObject.h; sourceTree = "<group>"; };
		748A96E4246FC720001BB2B7 /* CVertexArrayObject.h */ = {isa = PBXFileReference; fileEncoding = 4; lastKnownFileType = sourcecode.c.h; path = CVertexArrayObject.h; sourceTree = "<group>"; };
		748A96E5246FC720001BB2B7 /* CRenderPass.h */ = {isa = PBXFileReference; fileEncoding = 4; lastKnownFileType = sourcecode.c.h; path = CRenderPass.h; sourceTree = "<group>"; };
		748A96E6246FC720001BB2B7 /* CShaderProgram.cpp */ = {isa = PBXFileReference; fileEncoding = 4; lastKnownFileType = sourcecode.cpp.cpp; path = CShaderProgram.cpp; sourceTree = "<group>"; };
		748A96E7246FC720001BB2B7 /* CIndexBufferObject.h */ = {isa = PBXFileReference; fileEncoding = 4; lastKnownFileType = sourcecode.c.h; path = CIndexBufferObject.h; sourceTree = "<group>"; };
		748A96E8246FC720001BB2B7 /* CIndexBufferObject.cpp */ = {isa = PBXFileReference; fileEncoding = 4; lastKnownFileType = sourcecode.cpp.cpp; path = CIndexBufferObject.cpp; sourceTree = "<group>"; };
		748A96E9246FC720001BB2B7 /* CRenderPass.cpp */ = {isa = PBXFileReference; fileEncoding = 4; lastKnownFileType = sourcecode.cpp.cpp; path = CRenderPass.cpp; sourceTree = "<group>"; };
		748A96EA246FC720001BB2B7 /* CVertexBufferObject.cpp */ = {isa = PBXFileReference; fileEncoding = 4; lastKnownFileType = sourcecode.cpp.cpp; path = CVertexBufferObject.cpp; sourceTree = "<group>"; };
		748A96EB246FC720001BB2B7 /* CRenderQueue.cpp */ = {isa = PBXFileReference; fileEncoding = 4; lastKnownFileType = sourcecode.cpp.cpp; path = CRenderQueue.cpp; sourceTree = "<group>"; };
		748A96ED246FC720001BB2B7 /* CCameraComponent.cpp */ = {isa = PBXFileReference; fileEncoding = 4; lastKnownFileType = sourcecode.cpp.cpp; path = CCameraComponent.cpp; sourceTree = "<group>"; };
		748A96EE246FC720001BB2B7 /* CMeshRendererComponent.cpp */ = {isa = PBXFileReference; fileEncoding = 4; lastKnownFileType = sourcecode.cpp.cpp; path = CMeshRendererComponent.cpp; sourceTree = "<group>"; };
		748A96EF246FC720001BB2B7 /* CComponent.cpp */ = {isa = PBXFileReference; fileEncoding = 4; lastKnownFileType = sourcecode.cpp.cpp; path = CComponent.cpp; sourceTree = "<group>"; };
		748A96F0246FC720001BB2B7 /* CTime.cpp */ = {isa = PBXFileReference; fileEncoding = 4; lastKnownFileType = sourcecode.cpp.cpp; path = CTime.cpp; sourceTree = "<group>"; };
		748A96F1246FC720001BB2B7 /* CTime.h */ = {isa = PBXFileReference; fileEncoding = 4; lastKnownFileType = sourcecode.c.h; path = CTime.h; sourceTree = "<group>"; };
		748A96F2246FC720001BB2B7 /* CApplication.cpp */ = {isa = PBXFileReference; fileEncoding = 4; lastKnownFileType = sourcecode.cpp.cpp; path = CApplication.cpp; sourceTree = "<group>"; };
		748A96F4246FC720001BB2B7 /* CScene.h */ = {isa = PBXFileReference; fileEncoding = 4; lastKnownFileType = sourcecode.c.h; path = CScene.h; sourceTree = "<group>"; };
		748A96F5246FC720001BB2B7 /* CScene.cpp */ = {isa = PBXFileReference; fileEncoding = 4; lastKnownFileType = sourcecode.cpp.cpp; path = CScene.cpp; sourceTree = "<group>"; };
		748A96F6246FC720001BB2B7 /* CSceneManager.h */ = {isa = PBXFileReference; fileEncoding = 4; lastKnownFileType = sourcecode.c.h; path = CSceneManager.h; sourceTree = "<group>"; };
		748A96F7246FC720001BB2B7 /* CSceneNode.h */ = {isa = PBXFileReference; fileEncoding = 4; lastKnownFileType = sourcecode.c.h; path = CSceneNode.h; sourceTree = "<group>"; };
		748A96F8246FC720001BB2B7 /* CSceneManager.cpp */ = {isa = PBXFileReference; fileEncoding = 4; lastKnownFileType = sourcecode.cpp.cpp; path = CSceneManager.cpp; sourceTree = "<group>"; };
		748A96F9246FC720001BB2B7 /* CSceneNode.cpp */ = {isa = PBXFileReference; fileEncoding = 4; lastKnownFileType = sourcecode.cpp.cpp; path = CSceneNode.cpp; sourceTree = "<group>"; };
		748A96FA246FC720001BB2B7 /* CGameObject.cpp */ = {isa = PBXFileReference; fileEncoding = 4; lastKnownFileType = sourcecode.cpp.cpp; path = CGameObject.cpp; sourceTree = "<group>"; };
		748A96FC246FC720001BB2B7 /* CShader.cpp */ = {isa = PBXFileReference; fileEncoding = 4; lastKnownFileType = sourcecode.cpp.cpp; path = CShader.cpp; sourceTree = "<group>"; };
		748A96FD246FC720001BB2B7 /* FileWrapper.h */ = {isa = PBXFileReference; fileEncoding = 4; lastKnownFileType = sourcecode.c.h; path = FileWrapper.h; sourceTree = "<group>"; };
		748A96FE246FC720001BB2B7 /* CResourceManager.cpp */ = {isa = PBXFileReference; fileEncoding = 4; lastKnownFileType = sourcecode.cpp.cpp; path = CResourceManager.cpp; sourceTree = "<group>"; };
		748A96FF246FC720001BB2B7 /* CMaterial.cpp */ = {isa = PBXFileReference; fileEncoding = 4; lastKnownFileType = sourcecode.cpp.cpp; path = CMaterial.cpp; sourceTree = "<group>"; };
		748A9700246FC720001BB2B7 /* CTGAImage.cpp */ = {isa = PBXFileReference; fileEncoding = 4; lastKnownFileType = sourcecode.cpp.cpp; path = CTGAImage.cpp; sourceTree = "<group>"; };
		748A9702246FC720001BB2B7 /* FileWrapper.mm */ = {isa = PBXFileReference; fileEncoding = 4; lastKnownFileType = sourcecode.cpp.objcpp; path = FileWrapper.mm; sourceTree = "<group>"; };
		748A9703246FC720001BB2B7 /* CMesh.cpp */ = {isa = PBXFileReference; fileEncoding = 4; lastKnownFileType = sourcecode.cpp.cpp; path = CMesh.cpp; sourceTree = "<group>"; };
		748A9704246FC720001BB2B7 /* CTGAImage.h */ = {isa = PBXFileReference; fileEncoding = 4; lastKnownFileType = sourcecode.c.h; path = CTGAImage.h; sourceTree = "<group>"; };
		748A9705246FC720001BB2B7 /* CResourceManager.h */ = {isa = PBXFileReference; fileEncoding = 4; lastKnownFileType = sourcecode.c.h; path = CResourceManager.h; sourceTree = "<group>"; };
		748A9706246FC720001BB2B7 /* CMagic.h */ = {isa = PBXFileReference; fileEncoding = 4; lastKnownFileType = sourcecode.c.h; path = CMagic.h; sourceTree = "<group>"; };
		748A9707246FC720001BB2B7 /* CWindow.h */ = {isa = PBXFileReference; fileEncoding = 4; lastKnownFileType = sourcecode.c.h; path = CWindow.h; sourceTree = "<group>"; };
		748A9709246FC720001BB2B7 /* magic.h */ = {isa = PBXFileReference; fileEncoding = 4; lastKnownFileType = sourcecode.c.h; path = magic.h; sourceTree = "<group>"; };
		748A970A246FC720001BB2B7 /* IApplication.h */ = {isa = PBXFileReference; fileEncoding = 4; lastKnownFileType = sourcecode.c.h; path = IApplication.h; sourceTree = "<group>"; };
		748A970C246FC720001BB2B7 /* IRenderTarget.h */ = {isa = PBXFileReference; fileEncoding = 4; lastKnownFileType = sourcecode.c.h; path = IRenderTarget.h; sourceTree = "<group>"; };
		748A970D246FC720001BB2B7 /* CMaterialInstance.h */ = {isa = PBXFileReference; fileEncoding = 4; lastKnownFileType = sourcecode.c.h; path = CMaterialInstance.h; sourceTree = "<group>"; };
		748A970E246FC720001BB2B7 /* IShaderProgram.h */ = {isa = PBXFileReference; fileEncoding = 4; lastKnownFileType = sourcecode.c.h; path = IShaderProgram.h; sourceTree = "<group>"; };
		748A970F246FC720001BB2B7 /* IBufferObject.h */ = {isa = PBXFileReference; fileEncoding = 4; lastKnownFileType = sourcecode.c.h; path = IBufferObject.h; sourceTree = "<group>"; };
		748A9710246FC720001BB2B7 /* IRenderer.h */ = {isa = PBXFileReference; fileEncoding = 4; lastKnownFileType = sourcecode.c.h; path = IRenderer.h; sourceTree = "<group>"; };
		748A9711246FC720001BB2B7 /* CRenderInput.h */ = {isa = PBXFileReference; fileEncoding = 4; lastKnownFileType = sourcecode.c.h; path = CRenderInput.h; sourceTree = "<group>"; };
		748A9712246FC720001BB2B7 /* SRenderContext.h */ = {isa = PBXFileReference; fileEncoding = 4; lastKnownFileType = sourcecode.c.h; path = SRenderContext.h; sourceTree = "<group>"; };
		748A9713246FC720001BB2B7 /* SShaderParam.h */ = {isa = PBXFileReference; fileEncoding = 4; lastKnownFileType = sourcecode.c.h; path = SShaderParam.h; sourceTree = "<group>"; };
		748A9714246FC720001BB2B7 /* ERender.h */ = {isa = PBXFileReference; fileEncoding = 4; lastKnownFileType = sourcecode.c.h; path = ERender.h; sourceTree = "<group>"; };
		748A9715246FC720001BB2B7 /* IRenderPass.h */ = {isa = PBXFileReference; fileEncoding = 4; lastKnownFileType = sourcecode.c.h; path = IRenderPass.h; sourceTree = "<group>"; };
		748A9716246FC720001BB2B7 /* ITexture.h */ = {isa = PBXFileReference; fileEncoding = 4; lastKnownFileType = sourcecode.c.h; path = ITexture.h; sourceTree = "<group>"; };
		748A9717246FC720001BB2B7 /* IRenderInput.h */ = {isa = PBXFileReference; fileEncoding = 4; lastKnownFileType = sourcecode.c.h; path = IRenderInput.h; sourceTree = "<group>"; };
		748A9719246FC720001BB2B7 /* CMeshRendererComponent.h */ = {isa = PBXFileReference; fileEncoding = 4; lastKnownFileType = sourcecode.c.h; path = CMeshRendererComponent.h; sourceTree = "<group>"; };
		748A971A246FC720001BB2B7 /* IComponent.h */ = {isa = PBXFileReference; fileEncoding = 4; lastKnownFileType = sourcecode.c.h; path = IComponent.h; sourceTree = "<group>"; };
		748A971B246FC720001BB2B7 /* CCameraComponent.h */ = {isa = PBXFileReference; fileEncoding = 4; lastKnownFileType = sourcecode.c.h; path = CCameraComponent.h; sourceTree = "<group>"; };
		748A971C246FC720001BB2B7 /* CComponent.h */ = {isa = PBXFileReference; fileEncoding = 4; lastKnownFileType = sourcecode.c.h; path = CComponent.h; sourceTree = "<group>"; };
		748A971D246FC720001BB2B7 /* ITime.h */ = {isa = PBXFileReference; fileEncoding = 4; lastKnownFileType = sourcecode.c.h; path = ITime.h; sourceTree = "<group>"; };
		748A971E246FC720001BB2B7 /* IObject.h */ = {isa = PBXFileReference; fileEncoding = 4; lastKnownFileType = sourcecode.c.h; path = IObject.h; sourceTree = "<group>"; };
		748A971F246FC720001BB2B7 /* IMagic.h */ = {isa = PBXFileReference; fileEncoding = 4; lastKnownFileType = sourcecode.c.h; path = IMagic.h; sourceTree = "<group>"; };
		748A9721246FC720001BB2B7 /* ISceneNode.h */ = {isa = PBXFileReference; fileEncoding = 4; lastKnownFileType = sourcecode.c.h; path = ISceneNode.h; sourceTree = "<group>"; };
		748A9722246FC720001BB2B7 /* CGameUnit.h */ = {isa = PBXFileReference; fileEncoding = 4; lastKnownFileType = sourcecode.c.h; path = CGameUnit.h; sourceTree = "<group>"; };
		748A9723246FC720001BB2B7 /* ISceneManager.h */ = {isa = PBXFileReference; fileEncoding = 4; lastKnownFileType = sourcecode.c.h; path = ISceneManager.h; sourceTree = "<group>"; };
		748A9724246FC720001BB2B7 /* IScene.h */ = {isa = PBXFileReference; fileEncoding = 4; lastKnownFileType = sourcecode.c.h; path = IScene.h; sourceTree = "<group>"; };
		748A9725246FC720001BB2B7 /* CGameObject.h */ = {isa = PBXFileReference; fileEncoding = 4; lastKnownFileType = sourcecode.c.h; path = CGameObject.h; sourceTree = "<group>"; };
		748A9726246FC720001BB2B7 /* IGameObject.h */ = {isa = PBXFileReference; fileEncoding = 4; lastKnownFileType = sourcecode.c.h; path = IGameObject.h; sourceTree = "<group>"; };
		748A9728246FC720001BB2B7 /* IMesh.h */ = {isa = PBXFileReference; fileEncoding = 4; lastKnownFileType = sourcecode.c.h; path = IMesh.h; sourceTree = "<group>"; };
		748A9729246FC720001BB2B7 /* IModel.h */ = {isa = PBXFileReference; fileEncoding = 4; lastKnownFileType = sourcecode.c.h; path = IModel.h; sourceTree = "<group>"; };
		748A972A246FC720001BB2B7 /* CMaterial.h */ = {isa = PBXFileReference; fileEncoding = 4; lastKnownFileType = sourcecode.c.h; path = CMaterial.h; sourceTree = "<group>"; };
		748A972B246FC720001BB2B7 /* IImage.h */ = {isa = PBXFileReference; fileEncoding = 4; lastKnownFileType = sourcecode.c.h; path = IImage.h; sourceTree = "<group>"; };
		748A972C246FC720001BB2B7 /* IMaterial.h */ = {isa = PBXFileReference; fileEncoding = 4; lastKnownFileType = sourcecode.c.h; path = IMaterial.h; sourceTree = "<group>"; };
		748A972D246FC720001BB2B7 /* IResourceManager.h */ = {isa = PBXFileReference; fileEncoding = 4; lastKnownFileType = sourcecode.c.h; path = IResourceManager.h; sourceTree = "<group>"; };
		748A972E246FC720001BB2B7 /* CShader.h */ = {isa = PBXFileReference; fileEncoding = 4; lastKnownFileType = sourcecode.c.h; path = CShader.h; sourceTree = "<group>"; };
		748A972F246FC720001BB2B7 /* IResource.h */ = {isa = PBXFileReference; fileEncoding = 4; lastKnownFileType = sourcecode.c.h; path = IResource.h; sourceTree = "<group>"; };
		748A9730246FC720001BB2B7 /* CMesh.h */ = {isa = PBXFileReference; fileEncoding = 4; lastKnownFileType = sourcecode.c.h; path = CMesh.h; sourceTree = "<group>"; };
		748A9731246FC720001BB2B7 /* IShader.h */ = {isa = PBXFileReference; fileEncoding = 4; lastKnownFileType = sourcecode.c.h; path = IShader.h; sourceTree = "<group>"; };
		748A9736246FC720001BB2B7 /* CVector2.h */ = {isa = PBXFileReference; fileEncoding = 4; lastKnownFileType = sourcecode.c.h; path = CVector2.h; sourceTree = "<group>"; };
		748A9737246FC720001BB2B7 /* CBoundingBox.h */ = {isa = PBXFileReference; fileEncoding = 4; lastKnownFileType = sourcecode.c.h; path = CBoundingBox.h; sourceTree = "<group>"; };
		748A9738246FC720001BB2B7 /* CFrustum.h */ = {isa = PBXFileReference; fileEncoding = 4; lastKnownFileType = sourcecode.c.h; path = CFrustum.h; sourceTree = "<group>"; };
		748A9739246FC720001BB2B7 /* CRay.h */ = {isa = PBXFileReference; fileEncoding = 4; lastKnownFileType = sourcecode.c.h; path = CRay.h; sourceTree = "<group>"; };
		748A973A246FC720001BB2B7 /* CVector4.h */ = {isa = PBXFileReference; fileEncoding = 4; lastKnownFileType = sourcecode.c.h; path = CVector4.h; sourceTree = "<group>"; };
		748A973B246FC720001BB2B7 /* CMatrix4.h */ = {isa = PBXFileReference; fileEncoding = 4; lastKnownFileType = sourcecode.c.h; path = CMatrix4.h; sourceTree = "<group>"; };
		748A973C246FC720001BB2B7 /* CPlane3.h */ = {isa = PBXFileReference; fileEncoding = 4; lastKnownFileType = sourcecode.c.h; path = CPlane3.h; sourceTree = "<group>"; };
		748A973D246FC720001BB2B7 /* CVector3.h */ = {isa = PBXFileReference; fileEncoding = 4; lastKnownFileType = sourcecode.c.h; path = CVector3.h; sourceTree = "<group>"; };
		748A973E246FC720001BB2B7 /* CQuaternion.h */ = {isa = PBXFileReference; fileEncoding = 4; lastKnownFileType = sourcecode.c.h; path = CQuaternion.h; sourceTree = "<group>"; };
		748A9741246FC720001BB2B7 /* magicDef.h */ = {isa = PBXFileReference; fileEncoding = 4; lastKnownFileType = sourcecode.c.h; path = magicDef.h; sourceTree = "<group>"; };
		748A9742246FC720001BB2B7 /* CSingleton.h */ = {isa = PBXFileReference; fileEncoding = 4; lastKnownFileType = sourcecode.c.h; path = CSingleton.h; sourceTree = "<group>"; };
		748A9743246FC720001BB2B7 /* magicType.h */ = {isa = PBXFileReference; fileEncoding = 4; lastKnownFileType = sourcecode.c.h; path = magicType.h; sourceTree = "<group>"; };
		748A9744246FC720001BB2B7 /* magicString.h */ = {isa = PBXFileReference; fileEncoding = 4; lastKnownFileType = sourcecode.c.h; path = magicString.h; sourceTree = "<group>"; };
		748A9745246FC720001BB2B7 /* Log.h */ = {isa = PBXFileReference; fileEncoding = 4; lastKnownFileType = sourcecode.c.h; path = Log.h; sourceTree = "<group>"; };
		748A9746246FC720001BB2B7 /* StringHelper.h */ = {isa = PBXFileReference; fileEncoding = 4; lastKnownFileType = sourcecode.c.h; path = StringHelper.h; sourceTree = "<group>"; };
		748A9747246FC720001BB2B7 /* SColor.h */ = {isa = PBXFileReference; fileEncoding = 4; lastKnownFileType = sourcecode.c.h; path = SColor.h; sourceTree = "<group>"; };
		748A9748246FC720001BB2B7 /* base.h */ = {isa = PBXFileReference; fileEncoding = 4; lastKnownFileType = sourcecode.c.h; path = base.h; sourceTree = "<group>"; };
		748A988F246FC869001BB2B7 /* CModel.h */ = {isa = PBXFileReference; lastKnownFileType = sourcecode.c.h; path = CModel.h; sourceTree = "<group>"; };
		748A9890246FC8AF001BB2B7 /* CModel.cpp */ = {isa = PBXFileReference; lastKnownFileType = sourcecode.cpp.cpp; path = CModel.cpp; sourceTree = "<group>"; };
		74C230F9242760260041B1AC /* HelloTriangle.app */ = {isa = PBXFileReference; explicitFileType = wrapper.application; includeInIndex = 0; path = HelloTriangle.app; sourceTree = BUILT_PRODUCTS_DIR; };
		74C230FC242760260041B1AC /* AppDelegate.h */ = {isa = PBXFileReference; lastKnownFileType = sourcecode.c.h; path = AppDelegate.h; sourceTree = "<group>"; };
		74C230FD242760260041B1AC /* AppDelegate.mm */ = {isa = PBXFileReference; lastKnownFileType = sourcecode.cpp.objcpp; path = AppDelegate.mm; sourceTree = "<group>"; };
		74C23102242760260041B1AC /* ViewController.h */ = {isa = PBXFileReference; lastKnownFileType = sourcecode.c.h; path = ViewController.h; sourceTree = "<group>"; };
		74C23103242760260041B1AC /* ViewController.mm */ = {isa = PBXFileReference; lastKnownFileType = sourcecode.cpp.objcpp; path = ViewController.mm; sourceTree = "<group>"; };
		74C23106242760260041B1AC /* Base */ = {isa = PBXFileReference; lastKnownFileType = file.storyboard; name = Base; path = Base.lproj/Main.storyboard; sourceTree = "<group>"; };
		74C23109242760260041B1AC /* HelloTriangle.xcdatamodel */ = {isa = PBXFileReference; lastKnownFileType = wrapper.xcdatamodel; path = HelloTriangle.xcdatamodel; sourceTree = "<group>"; };
		74C2310B2427602A0041B1AC /* Assets.xcassets */ = {isa = PBXFileReference; lastKnownFileType = folder.assetcatalog; path = Assets.xcassets; sourceTree = "<group>"; };
		74C2310E2427602A0041B1AC /* Base */ = {isa = PBXFileReference; lastKnownFileType = file.storyboard; name = Base; path = Base.lproj/LaunchScreen.storyboard; sourceTree = "<group>"; };
		74C231102427602A0041B1AC /* Info.plist */ = {isa = PBXFileReference; lastKnownFileType = text.plist.xml; path = Info.plist; sourceTree = "<group>"; };
		74C231112427602A0041B1AC /* main.m */ = {isa = PBXFileReference; lastKnownFileType = sourcecode.c.objc; path = main.m; sourceTree = "<group>"; };
		74C23118242760CF0041B1AC /* SceneDelegate.mm */ = {isa = PBXFileReference; fileEncoding = 4; lastKnownFileType = sourcecode.cpp.objcpp; path = SceneDelegate.mm; sourceTree = "<group>"; };
		74C23119242760CF0041B1AC /* SceneDelegate.h */ = {isa = PBXFileReference; fileEncoding = 4; lastKnownFileType = sourcecode.c.h; path = SceneDelegate.h; sourceTree = "<group>"; };
		74C2318B242772E30041B1AC /* CoreMotion.framework */ = {isa = PBXFileReference; lastKnownFileType = wrapper.framework; name = CoreMotion.framework; path = System/Library/Frameworks/CoreMotion.framework; sourceTree = SDKROOT; };
		74C2318D242772F10041B1AC /* GLKit.framework */ = {isa = PBXFileReference; lastKnownFileType = wrapper.framework; name = GLKit.framework; path = System/Library/Frameworks/GLKit.framework; sourceTree = SDKROOT; };
/* End PBXFileReference section */

/* Begin PBXFrameworksBuildPhase section */
		74C230F6242760260041B1AC /* Frameworks */ = {
			isa = PBXFrameworksBuildPhase;
			buildActionMask = 2147483647;
			files = (
				7485B4BF24540A3D00FB9711 /* CoreGraphics.framework in Frameworks */,
				7485B4BD24540A3400FB9711 /* UIKit.framework in Frameworks */,
				7485B4BB245409D600FB9711 /* Foundation.framework in Frameworks */,
				7485B4B9245409CC00FB9711 /* OpenGLES.framework in Frameworks */,
				74C2318E242772F10041B1AC /* GLKit.framework in Frameworks */,
			);
			runOnlyForDeploymentPostprocessing = 0;
		};
/* End PBXFrameworksBuildPhase section */

/* Begin PBXGroup section */
		748A953B246FA1DD001BB2B7 /* resource */ = {
			isa = PBXGroup;
			children = (
				748A95EC246FBD4A001BB2B7 /* model */,
				748A953C246FA1DD001BB2B7 /* mesh */,
				748A953F246FA1DD001BB2B7 /* texture */,
				748A9541246FA1DD001BB2B7 /* shader */,
				748A9548246FA1DD001BB2B7 /* material */,
			);
			name = resource;
			path = ../../build/bin/resource;
			sourceTree = "<group>";
		};
		748A953C246FA1DD001BB2B7 /* mesh */ = {
			isa = PBXGroup;
			children = (
				748A953D246FA1DD001BB2B7 /* cube.mesh.xml */,
				748A953E246FA1DD001BB2B7 /* triangle.mesh.xml */,
			);
			path = mesh;
			sourceTree = "<group>";
		};
		748A953F246FA1DD001BB2B7 /* texture */ = {
			isa = PBXGroup;
			children = (
				748A9540246FA1DD001BB2B7 /* crate.tga */,
			);
			path = texture;
			sourceTree = "<group>";
		};
		748A9541246FA1DD001BB2B7 /* shader */ = {
			isa = PBXGroup;
			children = (
				748A9542246FA1DD001BB2B7 /* multTarget.frag */,
				748A9543246FA1DD001BB2B7 /* deferredShade.vert */,
				748A9544246FA1DD001BB2B7 /* common.frag */,
				748A9545246FA1DD001BB2B7 /* multTarget.vert */,
				748A9546246FA1DD001BB2B7 /* common.vert */,
				748A9547246FA1DD001BB2B7 /* deferredShade.frag */,
			);
			path = shader;
			sourceTree = "<group>";
		};
		748A9548246FA1DD001BB2B7 /* material */ = {
			isa = PBXGroup;
			children = (
				748A9549246FA1DD001BB2B7 /* deferredShade.mat.xml */,
				748A954A246FA1DD001BB2B7 /* common.mat.xml */,
				748A954B246FA1DD001BB2B7 /* multarget.mat.xml */,
			);
			path = material;
			sourceTree = "<group>";
		};
		748A95EC246FBD4A001BB2B7 /* model */ = {
			isa = PBXGroup;
			children = (
				748A95ED246FBD6E001BB2B7 /* triangle.model.xml */,
			);
			path = model;
			sourceTree = "<group>";
		};
		748A96AD246FC70D001BB2B7 /* Magic */ = {
			isa = PBXGroup;
			children = (
				748A9732246FC720001BB2B7 /* common */,
				748A96AE246FC720001BB2B7 /* dependencies */,
				748A9708246FC720001BB2B7 /* include */,
				748A96C6246FC720001BB2B7 /* source */,
			);
			path = Magic;
			sourceTree = "<group>";
		};
		748A96AE246FC720001BB2B7 /* dependencies */ = {
			isa = PBXGroup;
			children = (
				748A96AF246FC720001BB2B7 /* rapidxml-1.13 */,
				748A96B6246FC720001BB2B7 /* gl */,
			);
			name = dependencies;
			path = ../../../dependencies;
			sourceTree = "<group>";
		};
		748A96AF246FC720001BB2B7 /* rapidxml-1.13 */ = {
			isa = PBXGroup;
			children = (
				748A96B0246FC720001BB2B7 /* rapidxml_iterators.hpp */,
				748A96B1246FC720001BB2B7 /* rapidxml_print.hpp */,
				748A96B2246FC720001BB2B7 /* rapidxml_utils.hpp */,
				748A96B3246FC720001BB2B7 /* rapidxml.hpp */,
				748A96B4246FC720001BB2B7 /* license.txt */,
				748A96B5246FC720001BB2B7 /* manual.html */,
			);
			path = "rapidxml-1.13";
			sourceTree = "<group>";
		};
		748A96B6246FC720001BB2B7 /* gl */ = {
			isa = PBXGroup;
			children = (
				748A96B7246FC720001BB2B7 /* GLES3 */,
				748A96BC246FC720001BB2B7 /* GLES2 */,
				748A96C0246FC720001BB2B7 /* KHR */,
				748A96C2246FC720001BB2B7 /* EGL */,
			);
			path = gl;
			sourceTree = "<group>";
		};
		748A96B7246FC720001BB2B7 /* GLES3 */ = {
			isa = PBXGroup;
			children = (
				748A96B8246FC720001BB2B7 /* gl3.h */,
				748A96B9246FC720001BB2B7 /* gl32.h */,
				748A96BA246FC720001BB2B7 /* gl3platform.h */,
				748A96BB246FC720001BB2B7 /* gl31.h */,
			);
			path = GLES3;
			sourceTree = "<group>";
		};
		748A96BC246FC720001BB2B7 /* GLES2 */ = {
			isa = PBXGroup;
			children = (
				748A96BD246FC720001BB2B7 /* gl2ext.h */,
				748A96BE246FC720001BB2B7 /* gl2.h */,
				748A96BF246FC720001BB2B7 /* gl2platform.h */,
			);
			path = GLES2;
			sourceTree = "<group>";
		};
		748A96C0246FC720001BB2B7 /* KHR */ = {
			isa = PBXGroup;
			children = (
				748A96C1246FC720001BB2B7 /* khrplatform.h */,
			);
			path = KHR;
			sourceTree = "<group>";
		};
		748A96C2246FC720001BB2B7 /* EGL */ = {
			isa = PBXGroup;
			children = (
				748A96C3246FC720001BB2B7 /* egl.h */,
				748A96C4246FC720001BB2B7 /* eglext.h */,
				748A96C5246FC720001BB2B7 /* eglplatform.h */,
			);
			path = EGL;
			sourceTree = "<group>";
		};
		748A96C6246FC720001BB2B7 /* source */ = {
			isa = PBXGroup;
			children = (
				748A96C7246FC720001BB2B7 /* CMagic.cpp */,
				748A96C8246FC720001BB2B7 /* magic.cpp */,
				748A96C9246FC720001BB2B7 /* CApplication.h */,
				748A96CA246FC720001BB2B7 /* render */,
				748A96EC246FC720001BB2B7 /* component */,
				748A96F0246FC720001BB2B7 /* CTime.cpp */,
				748A96F1246FC720001BB2B7 /* CTime.h */,
				748A96F2246FC720001BB2B7 /* CApplication.cpp */,
				748A96F3246FC720001BB2B7 /* scene */,
				748A96FB246FC720001BB2B7 /* resource */,
				748A9706246FC720001BB2B7 /* CMagic.h */,
				748A9707246FC720001BB2B7 /* CWindow.h */,
			);
			name = source;
			path = ../../../source;
			sourceTree = "<group>";
		};
		748A96CA246FC720001BB2B7 /* render */ = {
			isa = PBXGroup;
			children = (
				748A96CB246FC720001BB2B7 /* gles3 */,
				748A96DC246FC720001BB2B7 /* CRenderer.h */,
				748A96DD246FC720001BB2B7 /* CShaderProgram.h */,
				748A96DE246FC720001BB2B7 /* CRenderInput.cpp */,
				748A96DF246FC720001BB2B7 /* CMaterialInstance.cpp */,
				748A96E0246FC720001BB2B7 /* CVertexArrayObject.cpp */,
				748A96E1246FC720001BB2B7 /* CRenderQueue.h */,
				748A96E2246FC720001BB2B7 /* CRenderer.cpp */,
				748A96E3246FC720001BB2B7 /* CVertexBufferObject.h */,
				748A96E4246FC720001BB2B7 /* CVertexArrayObject.h */,
				748A96E5246FC720001BB2B7 /* CRenderPass.h */,
				748A96E6246FC720001BB2B7 /* CShaderProgram.cpp */,
				748A96E7246FC720001BB2B7 /* CIndexBufferObject.h */,
				748A96E8246FC720001BB2B7 /* CIndexBufferObject.cpp */,
				748A96E9246FC720001BB2B7 /* CRenderPass.cpp */,
				748A96EA246FC720001BB2B7 /* CVertexBufferObject.cpp */,
				748A96EB246FC720001BB2B7 /* CRenderQueue.cpp */,
			);
			path = render;
			sourceTree = "<group>";
		};
		748A96CB246FC720001BB2B7 /* gles3 */ = {
			isa = PBXGroup;
			children = (
				748A96CC246FC720001BB2B7 /* CGLES3VertexBufferObject.cpp */,
				748A96CD246FC720001BB2B7 /* CGLES3Renderer.cpp */,
				748A96CE246FC720001BB2B7 /* CGLES3ShaderProgram.cpp */,
				748A96CF246FC720001BB2B7 /* CGLES3Renderer.h */,
				748A96D0246FC720001BB2B7 /* GLESType.h */,
				748A96D1246FC720001BB2B7 /* CGLES3VertexArrayObject.cpp */,
				748A96D2246FC720001BB2B7 /* GLESDebug.h */,
				748A96D3246FC720001BB2B7 /* CGLES3RenderTarget.cpp */,
				748A96D4246FC720001BB2B7 /* CGLES3ShaderProgram.h */,
				748A96D5246FC720001BB2B7 /* CGLES3VertexArrayObject.h */,
				748A96D6246FC720001BB2B7 /* CGLES3IndexBufferObject.h */,
				748A96D7246FC720001BB2B7 /* CGLES3VertexBufferObject.h */,
				748A96D8246FC720001BB2B7 /* CGLES3Texture.h */,
				748A96D9246FC720001BB2B7 /* CGLES3RenderTarget.h */,
				748A96DA246FC720001BB2B7 /* CGLES3Texture.cpp */,
				748A96DB246FC720001BB2B7 /* CGLES3IndexBufferObject.cpp */,
			);
			path = gles3;
			sourceTree = "<group>";
		};
		748A96EC246FC720001BB2B7 /* component */ = {
			isa = PBXGroup;
			children = (
				748A96ED246FC720001BB2B7 /* CCameraComponent.cpp */,
				748A96EE246FC720001BB2B7 /* CMeshRendererComponent.cpp */,
				748A96EF246FC720001BB2B7 /* CComponent.cpp */,
			);
			path = component;
			sourceTree = "<group>";
		};
		748A96F3246FC720001BB2B7 /* scene */ = {
			isa = PBXGroup;
			children = (
				748A96F4246FC720001BB2B7 /* CScene.h */,
				748A96F5246FC720001BB2B7 /* CScene.cpp */,
				748A96F6246FC720001BB2B7 /* CSceneManager.h */,
				748A96F7246FC720001BB2B7 /* CSceneNode.h */,
				748A96F8246FC720001BB2B7 /* CSceneManager.cpp */,
				748A96F9246FC720001BB2B7 /* CSceneNode.cpp */,
				748A96FA246FC720001BB2B7 /* CGameObject.cpp */,
			);
			path = scene;
			sourceTree = "<group>";
		};
		748A96FB246FC720001BB2B7 /* resource */ = {
			isa = PBXGroup;
			children = (
				748A96FC246FC720001BB2B7 /* CShader.cpp */,
				748A96FD246FC720001BB2B7 /* FileWrapper.h */,
				748A96FE246FC720001BB2B7 /* CResourceManager.cpp */,
				748A96FF246FC720001BB2B7 /* CMaterial.cpp */,
				748A9700246FC720001BB2B7 /* CTGAImage.cpp */,
				748A9701246FC720001BB2B7 /* ios */,
				748A9702246FC720001BB2B7 /* FileWrapper.mm */,
				748A9703246FC720001BB2B7 /* CMesh.cpp */,
				748A9704246FC720001BB2B7 /* CTGAImage.h */,
				748A9705246FC720001BB2B7 /* CResourceManager.h */,
				748A9890246FC8AF001BB2B7 /* CModel.cpp */,
			);
			path = resource;
			sourceTree = "<group>";
		};
		748A9701246FC720001BB2B7 /* ios */ = {
			isa = PBXGroup;
			children = (
			);
			path = ios;
			sourceTree = "<group>";
		};
		748A9708246FC720001BB2B7 /* include */ = {
			isa = PBXGroup;
			children = (
				748A9709246FC720001BB2B7 /* magic.h */,
				748A970A246FC720001BB2B7 /* IApplication.h */,
				748A970B246FC720001BB2B7 /* render */,
				748A9718246FC720001BB2B7 /* component */,
				748A971D246FC720001BB2B7 /* ITime.h */,
				748A971E246FC720001BB2B7 /* IObject.h */,
				748A971F246FC720001BB2B7 /* IMagic.h */,
				748A9720246FC720001BB2B7 /* scene */,
				748A9727246FC720001BB2B7 /* resource */,
			);
			name = include;
			path = ../../../include;
			sourceTree = "<group>";
		};
		748A970B246FC720001BB2B7 /* render */ = {
			isa = PBXGroup;
			children = (
				748A970C246FC720001BB2B7 /* IRenderTarget.h */,
				748A970D246FC720001BB2B7 /* CMaterialInstance.h */,
				748A970E246FC720001BB2B7 /* IShaderProgram.h */,
				748A970F246FC720001BB2B7 /* IBufferObject.h */,
				748A9710246FC720001BB2B7 /* IRenderer.h */,
				748A9711246FC720001BB2B7 /* CRenderInput.h */,
				748A9712246FC720001BB2B7 /* SRenderContext.h */,
				748A9713246FC720001BB2B7 /* SShaderParam.h */,
				748A9714246FC720001BB2B7 /* ERender.h */,
				748A9715246FC720001BB2B7 /* IRenderPass.h */,
				748A9716246FC720001BB2B7 /* ITexture.h */,
				748A9717246FC720001BB2B7 /* IRenderInput.h */,
			);
			path = render;
			sourceTree = "<group>";
		};
		748A9718246FC720001BB2B7 /* component */ = {
			isa = PBXGroup;
			children = (
				748A9719246FC720001BB2B7 /* CMeshRendererComponent.h */,
				748A971A246FC720001BB2B7 /* IComponent.h */,
				748A971B246FC720001BB2B7 /* CCameraComponent.h */,
				748A971C246FC720001BB2B7 /* CComponent.h */,
			);
			path = component;
			sourceTree = "<group>";
		};
		748A9720246FC720001BB2B7 /* scene */ = {
			isa = PBXGroup;
			children = (
				748A9721246FC720001BB2B7 /* ISceneNode.h */,
				748A9722246FC720001BB2B7 /* CGameUnit.h */,
				748A9723246FC720001BB2B7 /* ISceneManager.h */,
				748A9724246FC720001BB2B7 /* IScene.h */,
				748A9725246FC720001BB2B7 /* CGameObject.h */,
				748A9726246FC720001BB2B7 /* IGameObject.h */,
			);
			path = scene;
			sourceTree = "<group>";
		};
		748A9727246FC720001BB2B7 /* resource */ = {
			isa = PBXGroup;
			children = (
				748A9728246FC720001BB2B7 /* IMesh.h */,
				748A9729246FC720001BB2B7 /* IModel.h */,
				748A972A246FC720001BB2B7 /* CMaterial.h */,
				748A972B246FC720001BB2B7 /* IImage.h */,
				748A972C246FC720001BB2B7 /* IMaterial.h */,
				748A972D246FC720001BB2B7 /* IResourceManager.h */,
				748A972E246FC720001BB2B7 /* CShader.h */,
				748A972F246FC720001BB2B7 /* IResource.h */,
				748A9730246FC720001BB2B7 /* CMesh.h */,
				748A9731246FC720001BB2B7 /* IShader.h */,
				748A988F246FC869001BB2B7 /* CModel.h */,
			);
			path = resource;
			sourceTree = "<group>";
		};
		748A9732246FC720001BB2B7 /* common */ = {
			isa = PBXGroup;
			children = (
				748A9733246FC720001BB2B7 /* net */,
				748A9734246FC720001BB2B7 /* io */,
				748A9735246FC720001BB2B7 /* math */,
				748A973F246FC720001BB2B7 /* physics */,
				748A9740246FC720001BB2B7 /* base */,
			);
			name = common;
			path = ../../../common;
			sourceTree = "<group>";
		};
		748A9733246FC720001BB2B7 /* net */ = {
			isa = PBXGroup;
			children = (
			);
			path = net;
			sourceTree = "<group>";
		};
		748A9734246FC720001BB2B7 /* io */ = {
			isa = PBXGroup;
			children = (
			);
			path = io;
			sourceTree = "<group>";
		};
		748A9735246FC720001BB2B7 /* math */ = {
			isa = PBXGroup;
			children = (
				748A9736246FC720001BB2B7 /* CVector2.h */,
				748A9737246FC720001BB2B7 /* CBoundingBox.h */,
				748A9738246FC720001BB2B7 /* CFrustum.h */,
				748A9739246FC720001BB2B7 /* CRay.h */,
				748A973A246FC720001BB2B7 /* CVector4.h */,
				748A973B246FC720001BB2B7 /* CMatrix4.h */,
				748A973C246FC720001BB2B7 /* CPlane3.h */,
				748A973D246FC720001BB2B7 /* CVector3.h */,
				748A973E246FC720001BB2B7 /* CQuaternion.h */,
			);
			path = math;
			sourceTree = "<group>";
		};
		748A973F246FC720001BB2B7 /* physics */ = {
			isa = PBXGroup;
			children = (
			);
			path = physics;
			sourceTree = "<group>";
		};
		748A9740246FC720001BB2B7 /* base */ = {
			isa = PBXGroup;
			children = (
				748A9741246FC720001BB2B7 /* magicDef.h */,
				748A9742246FC720001BB2B7 /* CSingleton.h */,
				748A9743246FC720001BB2B7 /* magicType.h */,
				748A9744246FC720001BB2B7 /* magicString.h */,
				748A9745246FC720001BB2B7 /* Log.h */,
				748A9746246FC720001BB2B7 /* StringHelper.h */,
				748A9747246FC720001BB2B7 /* SColor.h */,
				748A9748246FC720001BB2B7 /* base.h */,
			);
			path = base;
			sourceTree = "<group>";
		};
		74C230F0242760260041B1AC = {
			isa = PBXGroup;
			children = (
				748A96AD246FC70D001BB2B7 /* Magic */,
				74C230FB242760260041B1AC /* HelloTriangle */,
				74C230FA242760260041B1AC /* Products */,
				748A953B246FA1DD001BB2B7 /* resource */,
				74C23130242769B50041B1AC /* Frameworks */,
			);
			sourceTree = "<group>";
		};
		74C230FA242760260041B1AC /* Products */ = {
			isa = PBXGroup;
			children = (
				74C230F9242760260041B1AC /* HelloTriangle.app */,
			);
			name = Products;
			sourceTree = "<group>";
		};
		74C230FB242760260041B1AC /* HelloTriangle */ = {
			isa = PBXGroup;
			children = (
				74C230FC242760260041B1AC /* AppDelegate.h */,
				74C230FD242760260041B1AC /* AppDelegate.mm */,
				74C23119242760CF0041B1AC /* SceneDelegate.h */,
				74C23118242760CF0041B1AC /* SceneDelegate.mm */,
				74C23102242760260041B1AC /* ViewController.h */,
				74C23103242760260041B1AC /* ViewController.mm */,
				74C23105242760260041B1AC /* Main.storyboard */,
				74C2310B2427602A0041B1AC /* Assets.xcassets */,
				74C2310D2427602A0041B1AC /* LaunchScreen.storyboard */,
				74C231102427602A0041B1AC /* Info.plist */,
				74C231112427602A0041B1AC /* main.m */,
				74C23108242760260041B1AC /* HelloTriangle.xcdatamodeld */,
				748A949D2460D942001BB2B7 /* HelloTriangle.cpp */,
				748A949E2460D942001BB2B7 /* HelloTriangle.h */,
			);
			path = HelloTriangle;
			sourceTree = "<group>";
		};
		74C23130242769B50041B1AC /* Frameworks */ = {
			isa = PBXGroup;
			children = (
				7485B4BE24540A3D00FB9711 /* CoreGraphics.framework */,
				7485B4BC24540A3400FB9711 /* UIKit.framework */,
				7485B4BA245409D600FB9711 /* Foundation.framework */,
				7485B4B8245409CC00FB9711 /* OpenGLES.framework */,
				74C2318D242772F10041B1AC /* GLKit.framework */,
				74C2318B242772E30041B1AC /* CoreMotion.framework */,
			);
			name = Frameworks;
			sourceTree = "<group>";
		};
/* End PBXGroup section */

/* Begin PBXNativeTarget section */
		74C230F8242760260041B1AC /* HelloTriangle */ = {
			isa = PBXNativeTarget;
			buildConfigurationList = 74C231152427602A0041B1AC /* Build configuration list for PBXNativeTarget "HelloTriangle" */;
			buildPhases = (
				74C230F5242760260041B1AC /* Sources */,
				74C230F6242760260041B1AC /* Frameworks */,
				74C230F7242760260041B1AC /* Resources */,
			);
			buildRules = (
			);
			dependencies = (
			);
			name = HelloTriangle;
			productName = HelloTriangle;
			productReference = 74C230F9242760260041B1AC /* HelloTriangle.app */;
			productType = "com.apple.product-type.application";
		};
/* End PBXNativeTarget section */

/* Begin PBXProject section */
		74C230F1242760260041B1AC /* Project object */ = {
			isa = PBXProject;
			attributes = {
				LastUpgradeCheck = 1130;
				ORGANIZATIONNAME = xyj;
				TargetAttributes = {
					74C230F8242760260041B1AC = {
						CreatedOnToolsVersion = 11.3.1;
					};
				};
			};
			buildConfigurationList = 74C230F4242760260041B1AC /* Build configuration list for PBXProject "HelloTriangle" */;
			compatibilityVersion = "Xcode 9.3";
			developmentRegion = en;
			hasScannedForEncodings = 0;
			knownRegions = (
				en,
				Base,
			);
			mainGroup = 74C230F0242760260041B1AC;
			productRefGroup = 74C230FA242760260041B1AC /* Products */;
			projectDirPath = "";
			projectRoot = "";
			targets = (
				74C230F8242760260041B1AC /* HelloTriangle */,
			);
		};
/* End PBXProject section */

/* Begin PBXResourcesBuildPhase section */
		74C230F7242760260041B1AC /* Resources */ = {
			isa = PBXResourcesBuildPhase;
			buildActionMask = 2147483647;
			files = (
				748A954C246FA1DD001BB2B7 /* cube.mesh.xml in Resources */,
				74C2310F2427602A0041B1AC /* LaunchScreen.storyboard in Resources */,
				748A974A246FC720001BB2B7 /* manual.html in Resources */,
				748A95EE246FBD6E001BB2B7 /* triangle.model.xml in Resources */,
				748A9553246FA1DD001BB2B7 /* common.vert in Resources */,
				748A954E246FA1DD001BB2B7 /* crate.tga in Resources */,
				748A9554246FA1DD001BB2B7 /* deferredShade.frag in Resources */,
				748A9556246FA1DD001BB2B7 /* common.mat.xml in Resources */,
				748A954F246FA1DD001BB2B7 /* multTarget.frag in Resources */,
				748A9551246FA1DD001BB2B7 /* common.frag in Resources */,
				74C2310C2427602A0041B1AC /* Assets.xcassets in Resources */,
				748A9552246FA1DD001BB2B7 /* multTarget.vert in Resources */,
				748A9749246FC720001BB2B7 /* license.txt in Resources */,
				74C23107242760260041B1AC /* Main.storyboard in Resources */,
				748A9555246FA1DD001BB2B7 /* deferredShade.mat.xml in Resources */,
				748A9550246FA1DD001BB2B7 /* deferredShade.vert in Resources */,
				748A9557246FA1DD001BB2B7 /* multarget.mat.xml in Resources */,
				748A954D246FA1DD001BB2B7 /* triangle.mesh.xml in Resources */,
			);
			runOnlyForDeploymentPostprocessing = 0;
		};
/* End PBXResourcesBuildPhase section */

/* Begin PBXSourcesBuildPhase section */
		74C230F5242760260041B1AC /* Sources */ = {
			isa = PBXSourcesBuildPhase;
			buildActionMask = 2147483647;
			files = (
				748A974F246FC720001BB2B7 /* CGLES3ShaderProgram.cpp in Sources */,
				748A9751246FC720001BB2B7 /* CGLES3RenderTarget.cpp in Sources */,
				748A975D246FC721001BB2B7 /* CCameraComponent.cpp in Sources */,
				748A9760246FC721001BB2B7 /* CTime.cpp in Sources */,
				748A974C246FC720001BB2B7 /* magic.cpp in Sources */,
				748A9752246FC720001BB2B7 /* CGLES3Texture.cpp in Sources */,
				748A9765246FC721001BB2B7 /* CGameObject.cpp in Sources */,
				748A9767246FC721001BB2B7 /* CResourceManager.cpp in Sources */,
				748A9768246FC721001BB2B7 /* CMaterial.cpp in Sources */,
				748A975A246FC721001BB2B7 /* CRenderPass.cpp in Sources */,
				748A975C246FC721001BB2B7 /* CRenderQueue.cpp in Sources */,
				74C231122427602A0041B1AC /* main.m in Sources */,
				748A9891246FC8AF001BB2B7 /* CModel.cpp in Sources */,
				748A9759246FC721001BB2B7 /* CIndexBufferObject.cpp in Sources */,
				748A9756246FC721001BB2B7 /* CVertexArrayObject.cpp in Sources */,
				74C2310A242760260041B1AC /* HelloTriangle.xcdatamodeld in Sources */,
				748A9753246FC721001BB2B7 /* CGLES3IndexBufferObject.cpp in Sources */,
				748A975B246FC721001BB2B7 /* CVertexBufferObject.cpp in Sources */,
				748A9763246FC721001BB2B7 /* CSceneManager.cpp in Sources */,
				748A976B246FC721001BB2B7 /* CMesh.cpp in Sources */,
				748A9769246FC721001BB2B7 /* CTGAImage.cpp in Sources */,
				74C2311A242760CF0041B1AC /* SceneDelegate.mm in Sources */,
				748A9758246FC721001BB2B7 /* CShaderProgram.cpp in Sources */,
				748A976A246FC721001BB2B7 /* FileWrapper.mm in Sources */,
				748A9764246FC721001BB2B7 /* CSceneNode.cpp in Sources */,
				74C23104242760260041B1AC /* ViewController.mm in Sources */,
				748A949F2460D942001BB2B7 /* HelloTriangle.cpp in Sources */,
				748A975E246FC721001BB2B7 /* CMeshRendererComponent.cpp in Sources */,
				748A974D246FC720001BB2B7 /* CGLES3VertexBufferObject.cpp in Sources */,
				748A974E246FC720001BB2B7 /* CGLES3Renderer.cpp in Sources */,
				748A9750246FC720001BB2B7 /* CGLES3VertexArrayObject.cpp in Sources */,
				748A9766246FC721001BB2B7 /* CShader.cpp in Sources */,
				748A9754246FC721001BB2B7 /* CRenderInput.cpp in Sources */,
				748A9761246FC721001BB2B7 /* CApplication.cpp in Sources */,
				748A9762246FC721001BB2B7 /* CScene.cpp in Sources */,
				748A9757246FC721001BB2B7 /* CRenderer.cpp in Sources */,
				74C230FE242760260041B1AC /* AppDelegate.mm in Sources */,
				748A975F246FC721001BB2B7 /* CComponent.cpp in Sources */,
				748A974B246FC720001BB2B7 /* CMagic.cpp in Sources */,
				748A9755246FC721001BB2B7 /* CMaterialInstance.cpp in Sources */,
			);
			runOnlyForDeploymentPostprocessing = 0;
		};
/* End PBXSourcesBuildPhase section */

/* Begin PBXVariantGroup section */
		74C23105242760260041B1AC /* Main.storyboard */ = {
			isa = PBXVariantGroup;
			children = (
				74C23106242760260041B1AC /* Base */,
			);
			name = Main.storyboard;
			sourceTree = "<group>";
		};
		74C2310D2427602A0041B1AC /* LaunchScreen.storyboard */ = {
			isa = PBXVariantGroup;
			children = (
				74C2310E2427602A0041B1AC /* Base */,
			);
			name = LaunchScreen.storyboard;
			sourceTree = "<group>";
		};
/* End PBXVariantGroup section */

/* Begin XCBuildConfiguration section */
		74C231132427602A0041B1AC /* Debug */ = {
			isa = XCBuildConfiguration;
			buildSettings = {
				ALWAYS_SEARCH_USER_PATHS = NO;
				CLANG_ANALYZER_NONNULL = YES;
				CLANG_ANALYZER_NUMBER_OBJECT_CONVERSION = YES_AGGRESSIVE;
				CLANG_CXX_LANGUAGE_STANDARD = "gnu++14";
				CLANG_CXX_LIBRARY = "libc++";
				CLANG_ENABLE_MODULES = YES;
				CLANG_ENABLE_OBJC_ARC = YES;
				CLANG_ENABLE_OBJC_WEAK = YES;
				CLANG_WARN_BLOCK_CAPTURE_AUTORELEASING = YES;
				CLANG_WARN_BOOL_CONVERSION = YES;
				CLANG_WARN_COMMA = YES;
				CLANG_WARN_CONSTANT_CONVERSION = YES;
				CLANG_WARN_DEPRECATED_OBJC_IMPLEMENTATIONS = YES;
				CLANG_WARN_DIRECT_OBJC_ISA_USAGE = YES_ERROR;
				CLANG_WARN_DOCUMENTATION_COMMENTS = YES;
				CLANG_WARN_EMPTY_BODY = YES;
				CLANG_WARN_ENUM_CONVERSION = YES;
				CLANG_WARN_INFINITE_RECURSION = YES;
				CLANG_WARN_INT_CONVERSION = YES;
				CLANG_WARN_NON_LITERAL_NULL_CONVERSION = YES;
				CLANG_WARN_OBJC_IMPLICIT_RETAIN_SELF = YES;
				CLANG_WARN_OBJC_LITERAL_CONVERSION = YES;
				CLANG_WARN_OBJC_ROOT_CLASS = YES_ERROR;
				CLANG_WARN_RANGE_LOOP_ANALYSIS = YES;
				CLANG_WARN_STRICT_PROTOTYPES = YES;
				CLANG_WARN_SUSPICIOUS_MOVE = YES;
				CLANG_WARN_UNGUARDED_AVAILABILITY = YES_AGGRESSIVE;
				CLANG_WARN_UNREACHABLE_CODE = YES;
				CLANG_WARN__DUPLICATE_METHOD_MATCH = YES;
				COPY_PHASE_STRIP = NO;
				DEBUG_INFORMATION_FORMAT = dwarf;
				ENABLE_STRICT_OBJC_MSGSEND = YES;
				ENABLE_TESTABILITY = YES;
				GCC_C_LANGUAGE_STANDARD = gnu11;
				GCC_DYNAMIC_NO_PIC = NO;
				GCC_NO_COMMON_BLOCKS = YES;
				GCC_OPTIMIZATION_LEVEL = 0;
				GCC_PREPROCESSOR_DEFINITIONS = (
					"DEBUG=1",
					"$(inherited)",
				);
				GCC_WARN_64_TO_32_BIT_CONVERSION = YES;
				GCC_WARN_ABOUT_RETURN_TYPE = YES_ERROR;
				GCC_WARN_UNDECLARED_SELECTOR = YES;
				GCC_WARN_UNINITIALIZED_AUTOS = YES_AGGRESSIVE;
				GCC_WARN_UNUSED_FUNCTION = YES;
				GCC_WARN_UNUSED_VARIABLE = YES;
				IPHONEOS_DEPLOYMENT_TARGET = 13.2;
				MTL_ENABLE_DEBUG_INFO = INCLUDE_SOURCE;
				MTL_FAST_MATH = YES;
				ONLY_ACTIVE_ARCH = YES;
				SDKROOT = iphoneos;
			};
			name = Debug;
		};
		74C231142427602A0041B1AC /* Release */ = {
			isa = XCBuildConfiguration;
			buildSettings = {
				ALWAYS_SEARCH_USER_PATHS = NO;
				CLANG_ANALYZER_NONNULL = YES;
				CLANG_ANALYZER_NUMBER_OBJECT_CONVERSION = YES_AGGRESSIVE;
				CLANG_CXX_LANGUAGE_STANDARD = "gnu++14";
				CLANG_CXX_LIBRARY = "libc++";
				CLANG_ENABLE_MODULES = YES;
				CLANG_ENABLE_OBJC_ARC = YES;
				CLANG_ENABLE_OBJC_WEAK = YES;
				CLANG_WARN_BLOCK_CAPTURE_AUTORELEASING = YES;
				CLANG_WARN_BOOL_CONVERSION = YES;
				CLANG_WARN_COMMA = YES;
				CLANG_WARN_CONSTANT_CONVERSION = YES;
				CLANG_WARN_DEPRECATED_OBJC_IMPLEMENTATIONS = YES;
				CLANG_WARN_DIRECT_OBJC_ISA_USAGE = YES_ERROR;
				CLANG_WARN_DOCUMENTATION_COMMENTS = YES;
				CLANG_WARN_EMPTY_BODY = YES;
				CLANG_WARN_ENUM_CONVERSION = YES;
				CLANG_WARN_INFINITE_RECURSION = YES;
				CLANG_WARN_INT_CONVERSION = YES;
				CLANG_WARN_NON_LITERAL_NULL_CONVERSION = YES;
				CLANG_WARN_OBJC_IMPLICIT_RETAIN_SELF = YES;
				CLANG_WARN_OBJC_LITERAL_CONVERSION = YES;
				CLANG_WARN_OBJC_ROOT_CLASS = YES_ERROR;
				CLANG_WARN_RANGE_LOOP_ANALYSIS = YES;
				CLANG_WARN_STRICT_PROTOTYPES = YES;
				CLANG_WARN_SUSPICIOUS_MOVE = YES;
				CLANG_WARN_UNGUARDED_AVAILABILITY = YES_AGGRESSIVE;
				CLANG_WARN_UNREACHABLE_CODE = YES;
				CLANG_WARN__DUPLICATE_METHOD_MATCH = YES;
				COPY_PHASE_STRIP = NO;
				DEBUG_INFORMATION_FORMAT = "dwarf-with-dsym";
				ENABLE_NS_ASSERTIONS = NO;
				ENABLE_STRICT_OBJC_MSGSEND = YES;
				GCC_C_LANGUAGE_STANDARD = gnu11;
				GCC_NO_COMMON_BLOCKS = YES;
				GCC_WARN_64_TO_32_BIT_CONVERSION = YES;
				GCC_WARN_ABOUT_RETURN_TYPE = YES_ERROR;
				GCC_WARN_UNDECLARED_SELECTOR = YES;
				GCC_WARN_UNINITIALIZED_AUTOS = YES_AGGRESSIVE;
				GCC_WARN_UNUSED_FUNCTION = YES;
				GCC_WARN_UNUSED_VARIABLE = YES;
				IPHONEOS_DEPLOYMENT_TARGET = 13.2;
				MTL_ENABLE_DEBUG_INFO = NO;
				MTL_FAST_MATH = YES;
				SDKROOT = iphoneos;
				VALIDATE_PRODUCT = YES;
			};
			name = Release;
		};
		74C231162427602A0041B1AC /* Debug */ = {
			isa = XCBuildConfiguration;
			buildSettings = {
				ASSETCATALOG_COMPILER_APPICON_NAME = AppIcon;
				CODE_SIGN_STYLE = Automatic;
				DEVELOPMENT_TEAM = 58DXM3G7FU;
				GCC_INPUT_FILETYPE = automatic;
				INFOPLIST_FILE = HelloTriangle/Info.plist;
				LD_RUNPATH_SEARCH_PATHS = (
					"$(inherited)",
					"@executable_path/Frameworks",
				);
				LIBRARY_SEARCH_PATHS = ../../build/bin;
				PRODUCT_BUNDLE_IDENTIFIER = xuyajie.HelloTriangle;
				PRODUCT_NAME = "$(TARGET_NAME)";
				TARGETED_DEVICE_FAMILY = "1,2";
				USER_HEADER_SEARCH_PATHS = (
					../../include,
					../../common,
				);
			};
			name = Debug;
		};
		74C231172427602A0041B1AC /* Release */ = {
			isa = XCBuildConfiguration;
			buildSettings = {
				ASSETCATALOG_COMPILER_APPICON_NAME = AppIcon;
				CODE_SIGN_STYLE = Automatic;
				DEVELOPMENT_TEAM = 58DXM3G7FU;
				GCC_INPUT_FILETYPE = automatic;
				INFOPLIST_FILE = HelloTriangle/Info.plist;
				LD_RUNPATH_SEARCH_PATHS = (
					"$(inherited)",
					"@executable_path/Frameworks",
				);
				LIBRARY_SEARCH_PATHS = ../../build/bin;
				PRODUCT_BUNDLE_IDENTIFIER = xuyajie.HelloTriangle;
				PRODUCT_NAME = "$(TARGET_NAME)";
				TARGETED_DEVICE_FAMILY = "1,2";
				USER_HEADER_SEARCH_PATHS = (
					../../include,
					../../common,
				);
			};
			name = Release;
		};
/* End XCBuildConfiguration section */

/* Begin XCConfigurationList section */
		74C230F4242760260041B1AC /* Build configuration list for PBXProject "HelloTriangle" */ = {
			isa = XCConfigurationList;
			buildConfigurations = (
				74C231132427602A0041B1AC /* Debug */,
				74C231142427602A0041B1AC /* Release */,
			);
			defaultConfigurationIsVisible = 0;
			defaultConfigurationName = Release;
		};
		74C231152427602A0041B1AC /* Build configuration list for PBXNativeTarget "HelloTriangle" */ = {
			isa = XCConfigurationList;
			buildConfigurations = (
				74C231162427602A0041B1AC /* Debug */,
				74C231172427602A0041B1AC /* Release */,
			);
			defaultConfigurationIsVisible = 0;
			defaultConfigurationName = Release;
		};
/* End XCConfigurationList section */

/* Begin XCVersionGroup section */
		74C23108242760260041B1AC /* HelloTriangle.xcdatamodeld */ = {
			isa = XCVersionGroup;
			children = (
				74C23109242760260041B1AC /* HelloTriangle.xcdatamodel */,
			);
			currentVersion = 74C23109242760260041B1AC /* HelloTriangle.xcdatamodel */;
			path = HelloTriangle.xcdatamodeld;
			sourceTree = "<group>";
			versionGroupType = wrapper.xcdatamodel;
		};
/* End XCVersionGroup section */
	};
	rootObject = 74C230F1242760260041B1AC /* Project object */;
}
